<?xml version="1.0" encoding="utf-8"?>
<Project ToolsVersion="4.0" xmlns="http://schemas.microsoft.com/developer/msbuild/2003">
  <ItemGroup>
    <Filter Include="Private">
      <UniqueIdentifier>{f5e9bd78-2b1c-4a62-8f7a-f2ae58e98f8f}</UniqueIdentifier>
    </Filter>
    <Filter Include="Public">
      <UniqueIdentifier>{93995380-89BD-4b04-88EB-625FBE52EBFB}</UniqueIdentifier>
      <Extensions>h;hh;hpp;hxx;hm;inl;inc;xsd</Extensions>
    </Filter>
  </ItemGroup>
  <ItemGroup>
    <ClInclude Include="..\..\Include\libExistence\Engine.h">
      <Filter>Public</Filter>
    </ClInclude>
    <ClInclude Include="..\..\Include\libExistence.h">
      <Filter>Public</Filter>
    </ClInclude>
    <ClInclude Include="Component.h">
      <Filter>Private</Filter>
    </ClInclude>
    <ClInclude Include="Engine.h">
      <Filter>Private</Filter>
    </ClInclude>
    <ClInclude Include="Entity.h">
      <Filter>Private</Filter>
    </ClInclude>
    <ClInclude Include="stdafx.h">
      <Filter>Private</Filter>
    </ClInclude>
  </ItemGroup>
  <ItemGroup>
    <ClCompile Include="Component.cpp">
      <Filter>Private</Filter>
    </ClCompile>
    <ClCompile Include="Engine.cpp">
      <Filter>Private</Filter>
    </ClCompile>
    <ClCompile Include="Entity.cpp">
      <Filter>Private</Filter>
    </ClCompile>
    <ClCompile Include="stdafx.cpp">
      <Filter>Private</Filter>
    </ClCompile>
  </ItemGroup>
</Project>