
Microsoft Visual Studio Solution File, Format Version 12.00
# Visual Studio 15
VisualStudioVersion = 15.0.28010.2003
MinimumVisualStudioVersion = 10.0.40219.1
Project("{2150E333-8FDC-42A3-9474-1A3956D46DE8}") = "ThirdParty", "ThirdParty", "{376E56B9-2367-750B-4C99-5A9038F15417}"
EndProject
Project("{8BC9CEB8-8B4A-11D0-8D11-00A0C91BC942}") = "jsoncpp", "jsoncpp.vcxproj", "{42ABB4F7-AE8A-3393-B7A2-BE6923019AF4}"
EndProject
Project("{8BC9CEB8-8B4A-11D0-8D11-00A0C91BC942}") = "rttr", "rttr.vcxproj", "{918F9D7C-7DC6-9E0D-26B3-841012C91A0F}"
EndProject
Project("{8BC9CEB8-8B4A-11D0-8D11-00A0C91BC942}") = "angelscript", "angelscript.vcxproj", "{41F231D1-ADA7-AAC6-369C-A49DA250A1CA}"
EndProject
Project("{8BC9CEB8-8B4A-11D0-8D11-00A0C91BC942}") = "GLFW", "GLFW.vcxproj", "{154B857C-0182-860D-AA6E-6C109684020F}"
EndProject
Project("{8BC9CEB8-8B4A-11D0-8D11-00A0C91BC942}") = "physfs", "physfs.vcxproj", "{4210BF14-2EB2-E9EA-176D-FD3E03AE703B}"
EndProject
Project("{8BC9CEB8-8B4A-11D0-8D11-00A0C91BC942}") = "LLGL", "LLGL.vcxproj", "{1009887C-FC3F-890D-A52C-6F109142050F}"
EndProject
Project("{8BC9CEB8-8B4A-11D0-8D11-00A0C91BC942}") = "LLGL_OpenGL", "LLGL_OpenGL.vcxproj", "{74446979-E0F9-E16E-69EE-DB45D5A2D872}"
EndProject
Project("{8BC9CEB8-8B4A-11D0-8D11-00A0C91BC942}") = "imgui", "imgui.vcxproj", "{0098A80F-6CAC-D0C0-352E-7420A101CDF1}"
EndProject
Project("{2150E333-8FDC-42A3-9474-1A3956D46DE8}") = "EngineLibs", "EngineLibs", "{0CB316C3-F8AB-3515-21DE-1A9A0D361521}"
EndProject
Project("{8BC9CEB8-8B4A-11D0-8D11-00A0C91BC942}") = "libApp", "libApp.vcxproj", "{1D166F0B-09B8-99E1-F272-AD35DEB32032}"
EndProject
Project("{8BC9CEB8-8B4A-11D0-8D11-00A0C91BC942}") = "libCore", "libCore.vcxproj", "{E5EE5279-51CE-D114-5AE6-5CEBC6443876}"
EndProject
Project("{8BC9CEB8-8B4A-11D0-8D11-00A0C91BC942}") = "libExistence", "libExistence.vcxproj", "{C4D7160A-B03A-A6AE-59C0-DE6445027231}"
EndProject
Project("{8BC9CEB8-8B4A-11D0-8D11-00A0C91BC942}") = "libHarnessed", "libHarnessed.vcxproj", "{79B5BCD5-6518-4C7A-0E9E-8430FADF17FD}"
EndProject
Project("{8BC9CEB8-8B4A-11D0-8D11-00A0C91BC942}") = "libIO", "libIO.vcxproj", "{F494DC0F-60A9-04C1-292B-A82095FE00F2}"
EndProject
Project("{8BC9CEB8-8B4A-11D0-8D11-00A0C91BC942}") = "libJson", "libJson.vcxproj", "{36D65679-A2B5-D514-ABCD-60EB172C3C76}"
EndProject
Project("{8BC9CEB8-8B4A-11D0-8D11-00A0C91BC942}") = "libMath", "libMath.vcxproj", "{662F5879-D20E-D714-DB26-62EB47853D76}"
EndProject
Project("{8BC9CEB8-8B4A-11D0-8D11-00A0C91BC942}") = "libMirror", "libMirror.vcxproj", "{7785B130-E3EF-65A7-2C2E-174D98D743FC}"
EndProject
Project("{8BC9CEB8-8B4A-11D0-8D11-00A0C91BC942}") = "libScene", "libScene.vcxproj", "{4A89CBA4-3656-26B0-5F6F-14584B9B5B3E}"
EndProject
Project("{8BC9CEB8-8B4A-11D0-8D11-00A0C91BC942}") = "libScript", "libScript.vcxproj", "{11C0433E-7D2A-F8B4-C668-A95A3212D609}"
EndProject
Project("{8BC9CEB8-8B4A-11D0-8D11-00A0C91BC942}") = "libSerial", "libSerial.vcxproj", "{1CEF673E-8859-1CB5-D197-CD5A3D41FA09}"
EndProject
Project("{8BC9CEB8-8B4A-11D0-8D11-00A0C91BC942}") = "libUI", "libUI.vcxproj", "{7A96DC0F-E6AA-04C1-AF2C-A8201B0001F2}"
EndProject
Project("{2150E333-8FDC-42A3-9474-1A3956D46DE8}") = "Games", "Games", "{99427816-05F8-F00B-8EEC-EAE2FAA0E70F}"
EndProject
Project("{8BC9CEB8-8B4A-11D0-8D11-00A0C91BC942}") = "libFirestorm", "libFirestorm.vcxproj", "{F7E0D13A-E343-61DF-8CC9-9995780B2D62}"
EndProject
Project("{8BC9CEB8-8B4A-11D0-8D11-00A0C91BC942}") = "Firestorm", "Firestorm.vcxproj", "{E05B8EEE-4CC6-4265-9504-F40A01AE20BA}"
	ProjectSection(ProjectDependencies) = postProject
		{74446979-E0F9-E16E-69EE-DB45D5A2D872} = {74446979-E0F9-E16E-69EE-DB45D5A2D872}
	EndProjectSection
EndProject
Project("{2150E333-8FDC-42A3-9474-1A3956D46DE8}") = "UnitTests", "UnitTests", "{3FB6DC92-AB41-4A57-B452-CD4B205DA657}"
EndProject
Project("{8BC9CEB8-8B4A-11D0-8D11-00A0C91BC942}") = "UnitTest", "UnitTest.vcxproj", "{E5A465FE-D171-C009-FA8A-AEB1E6B6F597}"
EndProject
Global
	GlobalSection(SolutionConfigurationPlatforms) = preSolution
		Debug32|Win32 = Debug32|Win32
		Debug32|x64 = Debug32|x64
		Debug64|Win32 = Debug64|Win32
		Debug64|x64 = Debug64|x64
		Final32|Win32 = Final32|Win32
		Final32|x64 = Final32|x64
		Final64|Win32 = Final64|Win32
		Final64|x64 = Final64|x64
		Release32|Win32 = Release32|Win32
		Release32|x64 = Release32|x64
		Release64|Win32 = Release64|Win32
		Release64|x64 = Release64|x64
	EndGlobalSection
	GlobalSection(ProjectConfigurationPlatforms) = postSolution
		{42ABB4F7-AE8A-3393-B7A2-BE6923019AF4}.Debug32|Win32.ActiveCfg = Debug32|Win32
		{42ABB4F7-AE8A-3393-B7A2-BE6923019AF4}.Debug32|Win32.Build.0 = Debug32|Win32
		{42ABB4F7-AE8A-3393-B7A2-BE6923019AF4}.Debug32|x64.ActiveCfg = Debug32|x64
		{42ABB4F7-AE8A-3393-B7A2-BE6923019AF4}.Debug32|x64.Build.0 = Debug32|x64
		{42ABB4F7-AE8A-3393-B7A2-BE6923019AF4}.Debug64|Win32.ActiveCfg = Debug64|Win32
		{42ABB4F7-AE8A-3393-B7A2-BE6923019AF4}.Debug64|Win32.Build.0 = Debug64|Win32
		{42ABB4F7-AE8A-3393-B7A2-BE6923019AF4}.Debug64|x64.ActiveCfg = Debug64|x64
		{42ABB4F7-AE8A-3393-B7A2-BE6923019AF4}.Debug64|x64.Build.0 = Debug64|x64
		{42ABB4F7-AE8A-3393-B7A2-BE6923019AF4}.Final32|Win32.ActiveCfg = Final32|Win32
		{42ABB4F7-AE8A-3393-B7A2-BE6923019AF4}.Final32|Win32.Build.0 = Final32|Win32
		{42ABB4F7-AE8A-3393-B7A2-BE6923019AF4}.Final32|x64.ActiveCfg = Final32|x64
		{42ABB4F7-AE8A-3393-B7A2-BE6923019AF4}.Final32|x64.Build.0 = Final32|x64
		{42ABB4F7-AE8A-3393-B7A2-BE6923019AF4}.Final64|Win32.ActiveCfg = Final64|Win32
		{42ABB4F7-AE8A-3393-B7A2-BE6923019AF4}.Final64|Win32.Build.0 = Final64|Win32
		{42ABB4F7-AE8A-3393-B7A2-BE6923019AF4}.Final64|x64.ActiveCfg = Final64|x64
		{42ABB4F7-AE8A-3393-B7A2-BE6923019AF4}.Final64|x64.Build.0 = Final64|x64
		{42ABB4F7-AE8A-3393-B7A2-BE6923019AF4}.Release32|Win32.ActiveCfg = Release32|Win32
		{42ABB4F7-AE8A-3393-B7A2-BE6923019AF4}.Release32|Win32.Build.0 = Release32|Win32
		{42ABB4F7-AE8A-3393-B7A2-BE6923019AF4}.Release32|x64.ActiveCfg = Release32|x64
		{42ABB4F7-AE8A-3393-B7A2-BE6923019AF4}.Release32|x64.Build.0 = Release32|x64
		{42ABB4F7-AE8A-3393-B7A2-BE6923019AF4}.Release64|Win32.ActiveCfg = Release64|Win32
		{42ABB4F7-AE8A-3393-B7A2-BE6923019AF4}.Release64|Win32.Build.0 = Release64|Win32
		{42ABB4F7-AE8A-3393-B7A2-BE6923019AF4}.Release64|x64.ActiveCfg = Release64|x64
		{42ABB4F7-AE8A-3393-B7A2-BE6923019AF4}.Release64|x64.Build.0 = Release64|x64
		{918F9D7C-7DC6-9E0D-26B3-841012C91A0F}.Debug32|Win32.ActiveCfg = Debug32|Win32
		{918F9D7C-7DC6-9E0D-26B3-841012C91A0F}.Debug32|Win32.Build.0 = Debug32|Win32
		{918F9D7C-7DC6-9E0D-26B3-841012C91A0F}.Debug32|x64.ActiveCfg = Debug32|x64
		{918F9D7C-7DC6-9E0D-26B3-841012C91A0F}.Debug32|x64.Build.0 = Debug32|x64
		{918F9D7C-7DC6-9E0D-26B3-841012C91A0F}.Debug64|Win32.ActiveCfg = Debug64|Win32
		{918F9D7C-7DC6-9E0D-26B3-841012C91A0F}.Debug64|Win32.Build.0 = Debug64|Win32
		{918F9D7C-7DC6-9E0D-26B3-841012C91A0F}.Debug64|x64.ActiveCfg = Debug64|x64
		{918F9D7C-7DC6-9E0D-26B3-841012C91A0F}.Debug64|x64.Build.0 = Debug64|x64
		{918F9D7C-7DC6-9E0D-26B3-841012C91A0F}.Final32|Win32.ActiveCfg = Final32|Win32
		{918F9D7C-7DC6-9E0D-26B3-841012C91A0F}.Final32|Win32.Build.0 = Final32|Win32
		{918F9D7C-7DC6-9E0D-26B3-841012C91A0F}.Final32|x64.ActiveCfg = Final32|x64
		{918F9D7C-7DC6-9E0D-26B3-841012C91A0F}.Final32|x64.Build.0 = Final32|x64
		{918F9D7C-7DC6-9E0D-26B3-841012C91A0F}.Final64|Win32.ActiveCfg = Final64|Win32
		{918F9D7C-7DC6-9E0D-26B3-841012C91A0F}.Final64|Win32.Build.0 = Final64|Win32
		{918F9D7C-7DC6-9E0D-26B3-841012C91A0F}.Final64|x64.ActiveCfg = Final64|x64
		{918F9D7C-7DC6-9E0D-26B3-841012C91A0F}.Final64|x64.Build.0 = Final64|x64
		{918F9D7C-7DC6-9E0D-26B3-841012C91A0F}.Release32|Win32.ActiveCfg = Release32|Win32
		{918F9D7C-7DC6-9E0D-26B3-841012C91A0F}.Release32|Win32.Build.0 = Release32|Win32
		{918F9D7C-7DC6-9E0D-26B3-841012C91A0F}.Release32|x64.ActiveCfg = Release32|x64
		{918F9D7C-7DC6-9E0D-26B3-841012C91A0F}.Release32|x64.Build.0 = Release32|x64
		{918F9D7C-7DC6-9E0D-26B3-841012C91A0F}.Release64|Win32.ActiveCfg = Release64|Win32
		{918F9D7C-7DC6-9E0D-26B3-841012C91A0F}.Release64|Win32.Build.0 = Release64|Win32
		{918F9D7C-7DC6-9E0D-26B3-841012C91A0F}.Release64|x64.ActiveCfg = Release64|x64
		{918F9D7C-7DC6-9E0D-26B3-841012C91A0F}.Release64|x64.Build.0 = Release64|x64
		{41F231D1-ADA7-AAC6-369C-A49DA250A1CA}.Debug32|Win32.ActiveCfg = Debug32|Win32
		{41F231D1-ADA7-AAC6-369C-A49DA250A1CA}.Debug32|Win32.Build.0 = Debug32|Win32
		{41F231D1-ADA7-AAC6-369C-A49DA250A1CA}.Debug32|x64.ActiveCfg = Debug32|x64
		{41F231D1-ADA7-AAC6-369C-A49DA250A1CA}.Debug32|x64.Build.0 = Debug32|x64
		{41F231D1-ADA7-AAC6-369C-A49DA250A1CA}.Debug64|Win32.ActiveCfg = Debug64|Win32
		{41F231D1-ADA7-AAC6-369C-A49DA250A1CA}.Debug64|Win32.Build.0 = Debug64|Win32
		{41F231D1-ADA7-AAC6-369C-A49DA250A1CA}.Debug64|x64.ActiveCfg = Debug64|x64
		{41F231D1-ADA7-AAC6-369C-A49DA250A1CA}.Debug64|x64.Build.0 = Debug64|x64
		{41F231D1-ADA7-AAC6-369C-A49DA250A1CA}.Final32|Win32.ActiveCfg = Final32|Win32
		{41F231D1-ADA7-AAC6-369C-A49DA250A1CA}.Final32|Win32.Build.0 = Final32|Win32
		{41F231D1-ADA7-AAC6-369C-A49DA250A1CA}.Final32|x64.ActiveCfg = Final32|x64
		{41F231D1-ADA7-AAC6-369C-A49DA250A1CA}.Final32|x64.Build.0 = Final32|x64
		{41F231D1-ADA7-AAC6-369C-A49DA250A1CA}.Final64|Win32.ActiveCfg = Final64|Win32
		{41F231D1-ADA7-AAC6-369C-A49DA250A1CA}.Final64|Win32.Build.0 = Final64|Win32
		{41F231D1-ADA7-AAC6-369C-A49DA250A1CA}.Final64|x64.ActiveCfg = Final64|x64
		{41F231D1-ADA7-AAC6-369C-A49DA250A1CA}.Final64|x64.Build.0 = Final64|x64
		{41F231D1-ADA7-AAC6-369C-A49DA250A1CA}.Release32|Win32.ActiveCfg = Release32|Win32
		{41F231D1-ADA7-AAC6-369C-A49DA250A1CA}.Release32|Win32.Build.0 = Release32|Win32
		{41F231D1-ADA7-AAC6-369C-A49DA250A1CA}.Release32|x64.ActiveCfg = Release32|x64
		{41F231D1-ADA7-AAC6-369C-A49DA250A1CA}.Release32|x64.Build.0 = Release32|x64
		{41F231D1-ADA7-AAC6-369C-A49DA250A1CA}.Release64|Win32.ActiveCfg = Release64|Win32
		{41F231D1-ADA7-AAC6-369C-A49DA250A1CA}.Release64|Win32.Build.0 = Release64|Win32
		{41F231D1-ADA7-AAC6-369C-A49DA250A1CA}.Release64|x64.ActiveCfg = Release64|x64
		{41F231D1-ADA7-AAC6-369C-A49DA250A1CA}.Release64|x64.Build.0 = Release64|x64
		{154B857C-0182-860D-AA6E-6C109684020F}.Debug32|Win32.ActiveCfg = Debug32|Win32
		{154B857C-0182-860D-AA6E-6C109684020F}.Debug32|Win32.Build.0 = Debug32|Win32
		{154B857C-0182-860D-AA6E-6C109684020F}.Debug32|x64.ActiveCfg = Debug32|x64
		{154B857C-0182-860D-AA6E-6C109684020F}.Debug32|x64.Build.0 = Debug32|x64
		{154B857C-0182-860D-AA6E-6C109684020F}.Debug64|Win32.ActiveCfg = Debug64|Win32
		{154B857C-0182-860D-AA6E-6C109684020F}.Debug64|Win32.Build.0 = Debug64|Win32
		{154B857C-0182-860D-AA6E-6C109684020F}.Debug64|x64.ActiveCfg = Debug64|x64
		{154B857C-0182-860D-AA6E-6C109684020F}.Debug64|x64.Build.0 = Debug64|x64
		{154B857C-0182-860D-AA6E-6C109684020F}.Final32|Win32.ActiveCfg = Final32|Win32
		{154B857C-0182-860D-AA6E-6C109684020F}.Final32|Win32.Build.0 = Final32|Win32
		{154B857C-0182-860D-AA6E-6C109684020F}.Final32|x64.ActiveCfg = Final32|x64
		{154B857C-0182-860D-AA6E-6C109684020F}.Final32|x64.Build.0 = Final32|x64
		{154B857C-0182-860D-AA6E-6C109684020F}.Final64|Win32.ActiveCfg = Final64|Win32
		{154B857C-0182-860D-AA6E-6C109684020F}.Final64|Win32.Build.0 = Final64|Win32
		{154B857C-0182-860D-AA6E-6C109684020F}.Final64|x64.ActiveCfg = Final64|x64
		{154B857C-0182-860D-AA6E-6C109684020F}.Final64|x64.Build.0 = Final64|x64
		{154B857C-0182-860D-AA6E-6C109684020F}.Release32|Win32.ActiveCfg = Release32|Win32
		{154B857C-0182-860D-AA6E-6C109684020F}.Release32|Win32.Build.0 = Release32|Win32
		{154B857C-0182-860D-AA6E-6C109684020F}.Release32|x64.ActiveCfg = Release32|x64
		{154B857C-0182-860D-AA6E-6C109684020F}.Release32|x64.Build.0 = Release32|x64
		{154B857C-0182-860D-AA6E-6C109684020F}.Release64|Win32.ActiveCfg = Release64|Win32
		{154B857C-0182-860D-AA6E-6C109684020F}.Release64|Win32.Build.0 = Release64|Win32
		{154B857C-0182-860D-AA6E-6C109684020F}.Release64|x64.ActiveCfg = Release64|x64
		{154B857C-0182-860D-AA6E-6C109684020F}.Release64|x64.Build.0 = Release64|x64
		{4210BF14-2EB2-E9EA-176D-FD3E03AE703B}.Debug32|Win32.ActiveCfg = Debug32|Win32
		{4210BF14-2EB2-E9EA-176D-FD3E03AE703B}.Debug32|Win32.Build.0 = Debug32|Win32
		{4210BF14-2EB2-E9EA-176D-FD3E03AE703B}.Debug32|x64.ActiveCfg = Debug32|x64
		{4210BF14-2EB2-E9EA-176D-FD3E03AE703B}.Debug32|x64.Build.0 = Debug32|x64
		{4210BF14-2EB2-E9EA-176D-FD3E03AE703B}.Debug64|Win32.ActiveCfg = Debug64|Win32
		{4210BF14-2EB2-E9EA-176D-FD3E03AE703B}.Debug64|Win32.Build.0 = Debug64|Win32
		{4210BF14-2EB2-E9EA-176D-FD3E03AE703B}.Debug64|x64.ActiveCfg = Debug64|x64
		{4210BF14-2EB2-E9EA-176D-FD3E03AE703B}.Debug64|x64.Build.0 = Debug64|x64
		{4210BF14-2EB2-E9EA-176D-FD3E03AE703B}.Final32|Win32.ActiveCfg = Final32|Win32
		{4210BF14-2EB2-E9EA-176D-FD3E03AE703B}.Final32|Win32.Build.0 = Final32|Win32
		{4210BF14-2EB2-E9EA-176D-FD3E03AE703B}.Final32|x64.ActiveCfg = Final32|x64
		{4210BF14-2EB2-E9EA-176D-FD3E03AE703B}.Final32|x64.Build.0 = Final32|x64
		{4210BF14-2EB2-E9EA-176D-FD3E03AE703B}.Final64|Win32.ActiveCfg = Final64|Win32
		{4210BF14-2EB2-E9EA-176D-FD3E03AE703B}.Final64|Win32.Build.0 = Final64|Win32
		{4210BF14-2EB2-E9EA-176D-FD3E03AE703B}.Final64|x64.ActiveCfg = Final64|x64
		{4210BF14-2EB2-E9EA-176D-FD3E03AE703B}.Final64|x64.Build.0 = Final64|x64
		{4210BF14-2EB2-E9EA-176D-FD3E03AE703B}.Release32|Win32.ActiveCfg = Release32|Win32
		{4210BF14-2EB2-E9EA-176D-FD3E03AE703B}.Release32|Win32.Build.0 = Release32|Win32
		{4210BF14-2EB2-E9EA-176D-FD3E03AE703B}.Release32|x64.ActiveCfg = Release32|x64
		{4210BF14-2EB2-E9EA-176D-FD3E03AE703B}.Release32|x64.Build.0 = Release32|x64
		{4210BF14-2EB2-E9EA-176D-FD3E03AE703B}.Release64|Win32.ActiveCfg = Release64|Win32
		{4210BF14-2EB2-E9EA-176D-FD3E03AE703B}.Release64|Win32.Build.0 = Release64|Win32
		{4210BF14-2EB2-E9EA-176D-FD3E03AE703B}.Release64|x64.ActiveCfg = Release64|x64
		{4210BF14-2EB2-E9EA-176D-FD3E03AE703B}.Release64|x64.Build.0 = Release64|x64
		{1009887C-FC3F-890D-A52C-6F109142050F}.Debug32|Win32.ActiveCfg = Debug32|Win32
		{1009887C-FC3F-890D-A52C-6F109142050F}.Debug32|Win32.Build.0 = Debug32|Win32
		{1009887C-FC3F-890D-A52C-6F109142050F}.Debug32|x64.ActiveCfg = Debug32|x64
		{1009887C-FC3F-890D-A52C-6F109142050F}.Debug32|x64.Build.0 = Debug32|x64
		{1009887C-FC3F-890D-A52C-6F109142050F}.Debug64|Win32.ActiveCfg = Debug64|Win32
		{1009887C-FC3F-890D-A52C-6F109142050F}.Debug64|Win32.Build.0 = Debug64|Win32
		{1009887C-FC3F-890D-A52C-6F109142050F}.Debug64|x64.ActiveCfg = Debug64|x64
		{1009887C-FC3F-890D-A52C-6F109142050F}.Debug64|x64.Build.0 = Debug64|x64
		{1009887C-FC3F-890D-A52C-6F109142050F}.Final32|Win32.ActiveCfg = Final32|Win32
		{1009887C-FC3F-890D-A52C-6F109142050F}.Final32|Win32.Build.0 = Final32|Win32
		{1009887C-FC3F-890D-A52C-6F109142050F}.Final32|x64.ActiveCfg = Final32|x64
		{1009887C-FC3F-890D-A52C-6F109142050F}.Final32|x64.Build.0 = Final32|x64
		{1009887C-FC3F-890D-A52C-6F109142050F}.Final64|Win32.ActiveCfg = Final64|Win32
		{1009887C-FC3F-890D-A52C-6F109142050F}.Final64|Win32.Build.0 = Final64|Win32
		{1009887C-FC3F-890D-A52C-6F109142050F}.Final64|x64.ActiveCfg = Final64|x64
		{1009887C-FC3F-890D-A52C-6F109142050F}.Final64|x64.Build.0 = Final64|x64
		{1009887C-FC3F-890D-A52C-6F109142050F}.Release32|Win32.ActiveCfg = Release32|Win32
		{1009887C-FC3F-890D-A52C-6F109142050F}.Release32|Win32.Build.0 = Release32|Win32
		{1009887C-FC3F-890D-A52C-6F109142050F}.Release32|x64.ActiveCfg = Release32|x64
		{1009887C-FC3F-890D-A52C-6F109142050F}.Release32|x64.Build.0 = Release32|x64
		{1009887C-FC3F-890D-A52C-6F109142050F}.Release64|Win32.ActiveCfg = Release64|Win32
		{1009887C-FC3F-890D-A52C-6F109142050F}.Release64|Win32.Build.0 = Release64|Win32
		{1009887C-FC3F-890D-A52C-6F109142050F}.Release64|x64.ActiveCfg = Release64|x64
		{1009887C-FC3F-890D-A52C-6F109142050F}.Release64|x64.Build.0 = Release64|x64
		{74446979-E0F9-E16E-69EE-DB45D5A2D872}.Debug32|Win32.ActiveCfg = Debug32|Win32
		{74446979-E0F9-E16E-69EE-DB45D5A2D872}.Debug32|Win32.Build.0 = Debug32|Win32
		{74446979-E0F9-E16E-69EE-DB45D5A2D872}.Debug32|x64.ActiveCfg = Debug32|x64
		{74446979-E0F9-E16E-69EE-DB45D5A2D872}.Debug32|x64.Build.0 = Debug32|x64
		{74446979-E0F9-E16E-69EE-DB45D5A2D872}.Debug64|Win32.ActiveCfg = Debug64|Win32
		{74446979-E0F9-E16E-69EE-DB45D5A2D872}.Debug64|Win32.Build.0 = Debug64|Win32
		{74446979-E0F9-E16E-69EE-DB45D5A2D872}.Debug64|x64.ActiveCfg = Debug64|x64
		{74446979-E0F9-E16E-69EE-DB45D5A2D872}.Debug64|x64.Build.0 = Debug64|x64
		{74446979-E0F9-E16E-69EE-DB45D5A2D872}.Final32|Win32.ActiveCfg = Final32|Win32
		{74446979-E0F9-E16E-69EE-DB45D5A2D872}.Final32|Win32.Build.0 = Final32|Win32
		{74446979-E0F9-E16E-69EE-DB45D5A2D872}.Final32|x64.ActiveCfg = Final32|x64
		{74446979-E0F9-E16E-69EE-DB45D5A2D872}.Final32|x64.Build.0 = Final32|x64
		{74446979-E0F9-E16E-69EE-DB45D5A2D872}.Final64|Win32.ActiveCfg = Final64|Win32
		{74446979-E0F9-E16E-69EE-DB45D5A2D872}.Final64|Win32.Build.0 = Final64|Win32
		{74446979-E0F9-E16E-69EE-DB45D5A2D872}.Final64|x64.ActiveCfg = Final64|x64
		{74446979-E0F9-E16E-69EE-DB45D5A2D872}.Final64|x64.Build.0 = Final64|x64
		{74446979-E0F9-E16E-69EE-DB45D5A2D872}.Release32|Win32.ActiveCfg = Release32|Win32
		{74446979-E0F9-E16E-69EE-DB45D5A2D872}.Release32|Win32.Build.0 = Release32|Win32
		{74446979-E0F9-E16E-69EE-DB45D5A2D872}.Release32|x64.ActiveCfg = Release32|x64
		{74446979-E0F9-E16E-69EE-DB45D5A2D872}.Release32|x64.Build.0 = Release32|x64
		{74446979-E0F9-E16E-69EE-DB45D5A2D872}.Release64|Win32.ActiveCfg = Release64|Win32
		{74446979-E0F9-E16E-69EE-DB45D5A2D872}.Release64|Win32.Build.0 = Release64|Win32
		{74446979-E0F9-E16E-69EE-DB45D5A2D872}.Release64|x64.ActiveCfg = Release64|x64
		{74446979-E0F9-E16E-69EE-DB45D5A2D872}.Release64|x64.Build.0 = Release64|x64
		{0098A80F-6CAC-D0C0-352E-7420A101CDF1}.Debug32|Win32.ActiveCfg = Debug32|Win32
		{0098A80F-6CAC-D0C0-352E-7420A101CDF1}.Debug32|Win32.Build.0 = Debug32|Win32
		{0098A80F-6CAC-D0C0-352E-7420A101CDF1}.Debug32|x64.ActiveCfg = Debug32|x64
		{0098A80F-6CAC-D0C0-352E-7420A101CDF1}.Debug32|x64.Build.0 = Debug32|x64
		{0098A80F-6CAC-D0C0-352E-7420A101CDF1}.Debug64|Win32.ActiveCfg = Debug64|Win32
		{0098A80F-6CAC-D0C0-352E-7420A101CDF1}.Debug64|Win32.Build.0 = Debug64|Win32
		{0098A80F-6CAC-D0C0-352E-7420A101CDF1}.Debug64|x64.ActiveCfg = Debug64|x64
		{0098A80F-6CAC-D0C0-352E-7420A101CDF1}.Debug64|x64.Build.0 = Debug64|x64
		{0098A80F-6CAC-D0C0-352E-7420A101CDF1}.Final32|Win32.ActiveCfg = Final32|Win32
		{0098A80F-6CAC-D0C0-352E-7420A101CDF1}.Final32|Win32.Build.0 = Final32|Win32
		{0098A80F-6CAC-D0C0-352E-7420A101CDF1}.Final32|x64.ActiveCfg = Final32|x64
		{0098A80F-6CAC-D0C0-352E-7420A101CDF1}.Final32|x64.Build.0 = Final32|x64
		{0098A80F-6CAC-D0C0-352E-7420A101CDF1}.Final64|Win32.ActiveCfg = Final64|Win32
		{0098A80F-6CAC-D0C0-352E-7420A101CDF1}.Final64|Win32.Build.0 = Final64|Win32
		{0098A80F-6CAC-D0C0-352E-7420A101CDF1}.Final64|x64.ActiveCfg = Final64|x64
		{0098A80F-6CAC-D0C0-352E-7420A101CDF1}.Final64|x64.Build.0 = Final64|x64
		{0098A80F-6CAC-D0C0-352E-7420A101CDF1}.Release32|Win32.ActiveCfg = Release32|Win32
		{0098A80F-6CAC-D0C0-352E-7420A101CDF1}.Release32|Win32.Build.0 = Release32|Win32
		{0098A80F-6CAC-D0C0-352E-7420A101CDF1}.Release32|x64.ActiveCfg = Release32|x64
		{0098A80F-6CAC-D0C0-352E-7420A101CDF1}.Release32|x64.Build.0 = Release32|x64
		{0098A80F-6CAC-D0C0-352E-7420A101CDF1}.Release64|Win32.ActiveCfg = Release64|Win32
		{0098A80F-6CAC-D0C0-352E-7420A101CDF1}.Release64|Win32.Build.0 = Release64|Win32
		{0098A80F-6CAC-D0C0-352E-7420A101CDF1}.Release64|x64.ActiveCfg = Release64|x64
		{0098A80F-6CAC-D0C0-352E-7420A101CDF1}.Release64|x64.Build.0 = Release64|x64
		{1D166F0B-09B8-99E1-F272-AD35DEB32032}.Debug32|Win32.ActiveCfg = Debug32|Win32
		{1D166F0B-09B8-99E1-F272-AD35DEB32032}.Debug32|Win32.Build.0 = Debug32|Win32
		{1D166F0B-09B8-99E1-F272-AD35DEB32032}.Debug32|x64.ActiveCfg = Debug32|x64
		{1D166F0B-09B8-99E1-F272-AD35DEB32032}.Debug32|x64.Build.0 = Debug32|x64
		{1D166F0B-09B8-99E1-F272-AD35DEB32032}.Debug64|Win32.ActiveCfg = Debug64|Win32
		{1D166F0B-09B8-99E1-F272-AD35DEB32032}.Debug64|Win32.Build.0 = Debug64|Win32
		{1D166F0B-09B8-99E1-F272-AD35DEB32032}.Debug64|x64.ActiveCfg = Debug64|x64
		{1D166F0B-09B8-99E1-F272-AD35DEB32032}.Debug64|x64.Build.0 = Debug64|x64
		{1D166F0B-09B8-99E1-F272-AD35DEB32032}.Final32|Win32.ActiveCfg = Final32|Win32
		{1D166F0B-09B8-99E1-F272-AD35DEB32032}.Final32|Win32.Build.0 = Final32|Win32
		{1D166F0B-09B8-99E1-F272-AD35DEB32032}.Final32|x64.ActiveCfg = Final32|x64
		{1D166F0B-09B8-99E1-F272-AD35DEB32032}.Final32|x64.Build.0 = Final32|x64
		{1D166F0B-09B8-99E1-F272-AD35DEB32032}.Final64|Win32.ActiveCfg = Final64|Win32
		{1D166F0B-09B8-99E1-F272-AD35DEB32032}.Final64|Win32.Build.0 = Final64|Win32
		{1D166F0B-09B8-99E1-F272-AD35DEB32032}.Final64|x64.ActiveCfg = Final64|x64
		{1D166F0B-09B8-99E1-F272-AD35DEB32032}.Final64|x64.Build.0 = Final64|x64
		{1D166F0B-09B8-99E1-F272-AD35DEB32032}.Release32|Win32.ActiveCfg = Release32|Win32
		{1D166F0B-09B8-99E1-F272-AD35DEB32032}.Release32|Win32.Build.0 = Release32|Win32
		{1D166F0B-09B8-99E1-F272-AD35DEB32032}.Release32|x64.ActiveCfg = Release32|x64
		{1D166F0B-09B8-99E1-F272-AD35DEB32032}.Release32|x64.Build.0 = Release32|x64
		{1D166F0B-09B8-99E1-F272-AD35DEB32032}.Release64|Win32.ActiveCfg = Release64|Win32
		{1D166F0B-09B8-99E1-F272-AD35DEB32032}.Release64|Win32.Build.0 = Release64|Win32
		{1D166F0B-09B8-99E1-F272-AD35DEB32032}.Release64|x64.ActiveCfg = Release64|x64
		{1D166F0B-09B8-99E1-F272-AD35DEB32032}.Release64|x64.Build.0 = Release64|x64
		{E5EE5279-51CE-D114-5AE6-5CEBC6443876}.Debug32|Win32.ActiveCfg = Debug32|Win32
		{E5EE5279-51CE-D114-5AE6-5CEBC6443876}.Debug32|Win32.Build.0 = Debug32|Win32
		{E5EE5279-51CE-D114-5AE6-5CEBC6443876}.Debug32|x64.ActiveCfg = Debug32|x64
		{E5EE5279-51CE-D114-5AE6-5CEBC6443876}.Debug32|x64.Build.0 = Debug32|x64
		{E5EE5279-51CE-D114-5AE6-5CEBC6443876}.Debug64|Win32.ActiveCfg = Debug64|Win32
		{E5EE5279-51CE-D114-5AE6-5CEBC6443876}.Debug64|Win32.Build.0 = Debug64|Win32
		{E5EE5279-51CE-D114-5AE6-5CEBC6443876}.Debug64|x64.ActiveCfg = Debug64|x64
		{E5EE5279-51CE-D114-5AE6-5CEBC6443876}.Debug64|x64.Build.0 = Debug64|x64
		{E5EE5279-51CE-D114-5AE6-5CEBC6443876}.Final32|Win32.ActiveCfg = Final32|Win32
		{E5EE5279-51CE-D114-5AE6-5CEBC6443876}.Final32|Win32.Build.0 = Final32|Win32
		{E5EE5279-51CE-D114-5AE6-5CEBC6443876}.Final32|x64.ActiveCfg = Final32|x64
		{E5EE5279-51CE-D114-5AE6-5CEBC6443876}.Final32|x64.Build.0 = Final32|x64
		{E5EE5279-51CE-D114-5AE6-5CEBC6443876}.Final64|Win32.ActiveCfg = Final64|Win32
		{E5EE5279-51CE-D114-5AE6-5CEBC6443876}.Final64|Win32.Build.0 = Final64|Win32
		{E5EE5279-51CE-D114-5AE6-5CEBC6443876}.Final64|x64.ActiveCfg = Final64|x64
		{E5EE5279-51CE-D114-5AE6-5CEBC6443876}.Final64|x64.Build.0 = Final64|x64
		{E5EE5279-51CE-D114-5AE6-5CEBC6443876}.Release32|Win32.ActiveCfg = Release32|Win32
		{E5EE5279-51CE-D114-5AE6-5CEBC6443876}.Release32|Win32.Build.0 = Release32|Win32
		{E5EE5279-51CE-D114-5AE6-5CEBC6443876}.Release32|x64.ActiveCfg = Release32|x64
		{E5EE5279-51CE-D114-5AE6-5CEBC6443876}.Release32|x64.Build.0 = Release32|x64
		{E5EE5279-51CE-D114-5AE6-5CEBC6443876}.Release64|Win32.ActiveCfg = Release64|Win32
		{E5EE5279-51CE-D114-5AE6-5CEBC6443876}.Release64|Win32.Build.0 = Release64|Win32
		{E5EE5279-51CE-D114-5AE6-5CEBC6443876}.Release64|x64.ActiveCfg = Release64|x64
		{E5EE5279-51CE-D114-5AE6-5CEBC6443876}.Release64|x64.Build.0 = Release64|x64
		{C4D7160A-B03A-A6AE-59C0-DE6445027231}.Debug32|Win32.ActiveCfg = Debug32|Win32
		{C4D7160A-B03A-A6AE-59C0-DE6445027231}.Debug32|Win32.Build.0 = Debug32|Win32
		{C4D7160A-B03A-A6AE-59C0-DE6445027231}.Debug32|x64.ActiveCfg = Debug32|x64
		{C4D7160A-B03A-A6AE-59C0-DE6445027231}.Debug32|x64.Build.0 = Debug32|x64
		{C4D7160A-B03A-A6AE-59C0-DE6445027231}.Debug64|Win32.ActiveCfg = Debug64|Win32
		{C4D7160A-B03A-A6AE-59C0-DE6445027231}.Debug64|Win32.Build.0 = Debug64|Win32
		{C4D7160A-B03A-A6AE-59C0-DE6445027231}.Debug64|x64.ActiveCfg = Debug64|x64
		{C4D7160A-B03A-A6AE-59C0-DE6445027231}.Debug64|x64.Build.0 = Debug64|x64
		{C4D7160A-B03A-A6AE-59C0-DE6445027231}.Final32|Win32.ActiveCfg = Final32|Win32
		{C4D7160A-B03A-A6AE-59C0-DE6445027231}.Final32|Win32.Build.0 = Final32|Win32
		{C4D7160A-B03A-A6AE-59C0-DE6445027231}.Final32|x64.ActiveCfg = Final32|x64
		{C4D7160A-B03A-A6AE-59C0-DE6445027231}.Final32|x64.Build.0 = Final32|x64
		{C4D7160A-B03A-A6AE-59C0-DE6445027231}.Final64|Win32.ActiveCfg = Final64|Win32
		{C4D7160A-B03A-A6AE-59C0-DE6445027231}.Final64|Win32.Build.0 = Final64|Win32
		{C4D7160A-B03A-A6AE-59C0-DE6445027231}.Final64|x64.ActiveCfg = Final64|x64
		{C4D7160A-B03A-A6AE-59C0-DE6445027231}.Final64|x64.Build.0 = Final64|x64
		{C4D7160A-B03A-A6AE-59C0-DE6445027231}.Release32|Win32.ActiveCfg = Release32|Win32
		{C4D7160A-B03A-A6AE-59C0-DE6445027231}.Release32|Win32.Build.0 = Release32|Win32
		{C4D7160A-B03A-A6AE-59C0-DE6445027231}.Release32|x64.ActiveCfg = Release32|x64
		{C4D7160A-B03A-A6AE-59C0-DE6445027231}.Release32|x64.Build.0 = Release32|x64
		{C4D7160A-B03A-A6AE-59C0-DE6445027231}.Release64|Win32.ActiveCfg = Release64|Win32
		{C4D7160A-B03A-A6AE-59C0-DE6445027231}.Release64|Win32.Build.0 = Release64|Win32
		{C4D7160A-B03A-A6AE-59C0-DE6445027231}.Release64|x64.ActiveCfg = Release64|x64
		{C4D7160A-B03A-A6AE-59C0-DE6445027231}.Release64|x64.Build.0 = Release64|x64
		{79B5BCD5-6518-4C7A-0E9E-8430FADF17FD}.Debug32|Win32.ActiveCfg = Debug32|Win32
		{79B5BCD5-6518-4C7A-0E9E-8430FADF17FD}.Debug32|Win32.Build.0 = Debug32|Win32
		{79B5BCD5-6518-4C7A-0E9E-8430FADF17FD}.Debug32|x64.ActiveCfg = Debug32|x64
		{79B5BCD5-6518-4C7A-0E9E-8430FADF17FD}.Debug32|x64.Build.0 = Debug32|x64
		{79B5BCD5-6518-4C7A-0E9E-8430FADF17FD}.Debug64|Win32.ActiveCfg = Debug64|Win32
		{79B5BCD5-6518-4C7A-0E9E-8430FADF17FD}.Debug64|Win32.Build.0 = Debug64|Win32
		{79B5BCD5-6518-4C7A-0E9E-8430FADF17FD}.Debug64|x64.ActiveCfg = Debug64|x64
		{79B5BCD5-6518-4C7A-0E9E-8430FADF17FD}.Debug64|x64.Build.0 = Debug64|x64
		{79B5BCD5-6518-4C7A-0E9E-8430FADF17FD}.Final32|Win32.ActiveCfg = Final32|Win32
		{79B5BCD5-6518-4C7A-0E9E-8430FADF17FD}.Final32|Win32.Build.0 = Final32|Win32
		{79B5BCD5-6518-4C7A-0E9E-8430FADF17FD}.Final32|x64.ActiveCfg = Final32|x64
		{79B5BCD5-6518-4C7A-0E9E-8430FADF17FD}.Final32|x64.Build.0 = Final32|x64
		{79B5BCD5-6518-4C7A-0E9E-8430FADF17FD}.Final64|Win32.ActiveCfg = Final64|Win32
		{79B5BCD5-6518-4C7A-0E9E-8430FADF17FD}.Final64|Win32.Build.0 = Final64|Win32
		{79B5BCD5-6518-4C7A-0E9E-8430FADF17FD}.Final64|x64.ActiveCfg = Final64|x64
		{79B5BCD5-6518-4C7A-0E9E-8430FADF17FD}.Final64|x64.Build.0 = Final64|x64
		{79B5BCD5-6518-4C7A-0E9E-8430FADF17FD}.Release32|Win32.ActiveCfg = Release32|Win32
		{79B5BCD5-6518-4C7A-0E9E-8430FADF17FD}.Release32|Win32.Build.0 = Release32|Win32
		{79B5BCD5-6518-4C7A-0E9E-8430FADF17FD}.Release32|x64.ActiveCfg = Release32|x64
		{79B5BCD5-6518-4C7A-0E9E-8430FADF17FD}.Release32|x64.Build.0 = Release32|x64
		{79B5BCD5-6518-4C7A-0E9E-8430FADF17FD}.Release64|Win32.ActiveCfg = Release64|Win32
		{79B5BCD5-6518-4C7A-0E9E-8430FADF17FD}.Release64|Win32.Build.0 = Release64|Win32
		{79B5BCD5-6518-4C7A-0E9E-8430FADF17FD}.Release64|x64.ActiveCfg = Release64|x64
		{79B5BCD5-6518-4C7A-0E9E-8430FADF17FD}.Release64|x64.Build.0 = Release64|x64
		{F494DC0F-60A9-04C1-292B-A82095FE00F2}.Debug32|Win32.ActiveCfg = Debug32|Win32
		{F494DC0F-60A9-04C1-292B-A82095FE00F2}.Debug32|Win32.Build.0 = Debug32|Win32
		{F494DC0F-60A9-04C1-292B-A82095FE00F2}.Debug32|x64.ActiveCfg = Debug32|x64
		{F494DC0F-60A9-04C1-292B-A82095FE00F2}.Debug32|x64.Build.0 = Debug32|x64
		{F494DC0F-60A9-04C1-292B-A82095FE00F2}.Debug64|Win32.ActiveCfg = Debug64|Win32
		{F494DC0F-60A9-04C1-292B-A82095FE00F2}.Debug64|Win32.Build.0 = Debug64|Win32
		{F494DC0F-60A9-04C1-292B-A82095FE00F2}.Debug64|x64.ActiveCfg = Debug64|x64
		{F494DC0F-60A9-04C1-292B-A82095FE00F2}.Debug64|x64.Build.0 = Debug64|x64
		{F494DC0F-60A9-04C1-292B-A82095FE00F2}.Final32|Win32.ActiveCfg = Final32|Win32
		{F494DC0F-60A9-04C1-292B-A82095FE00F2}.Final32|Win32.Build.0 = Final32|Win32
		{F494DC0F-60A9-04C1-292B-A82095FE00F2}.Final32|x64.ActiveCfg = Final32|x64
		{F494DC0F-60A9-04C1-292B-A82095FE00F2}.Final32|x64.Build.0 = Final32|x64
		{F494DC0F-60A9-04C1-292B-A82095FE00F2}.Final64|Win32.ActiveCfg = Final64|Win32
		{F494DC0F-60A9-04C1-292B-A82095FE00F2}.Final64|Win32.Build.0 = Final64|Win32
		{F494DC0F-60A9-04C1-292B-A82095FE00F2}.Final64|x64.ActiveCfg = Final64|x64
		{F494DC0F-60A9-04C1-292B-A82095FE00F2}.Final64|x64.Build.0 = Final64|x64
		{F494DC0F-60A9-04C1-292B-A82095FE00F2}.Release32|Win32.ActiveCfg = Release32|Win32
		{F494DC0F-60A9-04C1-292B-A82095FE00F2}.Release32|Win32.Build.0 = Release32|Win32
		{F494DC0F-60A9-04C1-292B-A82095FE00F2}.Release32|x64.ActiveCfg = Release32|x64
		{F494DC0F-60A9-04C1-292B-A82095FE00F2}.Release32|x64.Build.0 = Release32|x64
		{F494DC0F-60A9-04C1-292B-A82095FE00F2}.Release64|Win32.ActiveCfg = Release64|Win32
		{F494DC0F-60A9-04C1-292B-A82095FE00F2}.Release64|Win32.Build.0 = Release64|Win32
		{F494DC0F-60A9-04C1-292B-A82095FE00F2}.Release64|x64.ActiveCfg = Release64|x64
		{F494DC0F-60A9-04C1-292B-A82095FE00F2}.Release64|x64.Build.0 = Release64|x64
		{36D65679-A2B5-D514-ABCD-60EB172C3C76}.Debug32|Win32.ActiveCfg = Debug32|Win32
		{36D65679-A2B5-D514-ABCD-60EB172C3C76}.Debug32|Win32.Build.0 = Debug32|Win32
		{36D65679-A2B5-D514-ABCD-60EB172C3C76}.Debug32|x64.ActiveCfg = Debug32|x64
		{36D65679-A2B5-D514-ABCD-60EB172C3C76}.Debug32|x64.Build.0 = Debug32|x64
		{36D65679-A2B5-D514-ABCD-60EB172C3C76}.Debug64|Win32.ActiveCfg = Debug64|Win32
		{36D65679-A2B5-D514-ABCD-60EB172C3C76}.Debug64|Win32.Build.0 = Debug64|Win32
		{36D65679-A2B5-D514-ABCD-60EB172C3C76}.Debug64|x64.ActiveCfg = Debug64|x64
		{36D65679-A2B5-D514-ABCD-60EB172C3C76}.Debug64|x64.Build.0 = Debug64|x64
		{36D65679-A2B5-D514-ABCD-60EB172C3C76}.Final32|Win32.ActiveCfg = Final32|Win32
		{36D65679-A2B5-D514-ABCD-60EB172C3C76}.Final32|Win32.Build.0 = Final32|Win32
		{36D65679-A2B5-D514-ABCD-60EB172C3C76}.Final32|x64.ActiveCfg = Final32|x64
		{36D65679-A2B5-D514-ABCD-60EB172C3C76}.Final32|x64.Build.0 = Final32|x64
		{36D65679-A2B5-D514-ABCD-60EB172C3C76}.Final64|Win32.ActiveCfg = Final64|Win32
		{36D65679-A2B5-D514-ABCD-60EB172C3C76}.Final64|Win32.Build.0 = Final64|Win32
		{36D65679-A2B5-D514-ABCD-60EB172C3C76}.Final64|x64.ActiveCfg = Final64|x64
		{36D65679-A2B5-D514-ABCD-60EB172C3C76}.Final64|x64.Build.0 = Final64|x64
		{36D65679-A2B5-D514-ABCD-60EB172C3C76}.Release32|Win32.ActiveCfg = Release32|Win32
		{36D65679-A2B5-D514-ABCD-60EB172C3C76}.Release32|Win32.Build.0 = Release32|Win32
		{36D65679-A2B5-D514-ABCD-60EB172C3C76}.Release32|x64.ActiveCfg = Release32|x64
		{36D65679-A2B5-D514-ABCD-60EB172C3C76}.Release32|x64.Build.0 = Release32|x64
		{36D65679-A2B5-D514-ABCD-60EB172C3C76}.Release64|Win32.ActiveCfg = Release64|Win32
		{36D65679-A2B5-D514-ABCD-60EB172C3C76}.Release64|Win32.Build.0 = Release64|Win32
		{36D65679-A2B5-D514-ABCD-60EB172C3C76}.Release64|x64.ActiveCfg = Release64|x64
		{36D65679-A2B5-D514-ABCD-60EB172C3C76}.Release64|x64.Build.0 = Release64|x64
		{662F5879-D20E-D714-DB26-62EB47853D76}.Debug32|Win32.ActiveCfg = Debug32|Win32
		{662F5879-D20E-D714-DB26-62EB47853D76}.Debug32|Win32.Build.0 = Debug32|Win32
		{662F5879-D20E-D714-DB26-62EB47853D76}.Debug32|x64.ActiveCfg = Debug32|x64
		{662F5879-D20E-D714-DB26-62EB47853D76}.Debug32|x64.Build.0 = Debug32|x64
		{662F5879-D20E-D714-DB26-62EB47853D76}.Debug64|Win32.ActiveCfg = Debug64|Win32
		{662F5879-D20E-D714-DB26-62EB47853D76}.Debug64|Win32.Build.0 = Debug64|Win32
		{662F5879-D20E-D714-DB26-62EB47853D76}.Debug64|x64.ActiveCfg = Debug64|x64
		{662F5879-D20E-D714-DB26-62EB47853D76}.Debug64|x64.Build.0 = Debug64|x64
		{662F5879-D20E-D714-DB26-62EB47853D76}.Final32|Win32.ActiveCfg = Final32|Win32
		{662F5879-D20E-D714-DB26-62EB47853D76}.Final32|Win32.Build.0 = Final32|Win32
		{662F5879-D20E-D714-DB26-62EB47853D76}.Final32|x64.ActiveCfg = Final32|x64
		{662F5879-D20E-D714-DB26-62EB47853D76}.Final32|x64.Build.0 = Final32|x64
		{662F5879-D20E-D714-DB26-62EB47853D76}.Final64|Win32.ActiveCfg = Final64|Win32
		{662F5879-D20E-D714-DB26-62EB47853D76}.Final64|Win32.Build.0 = Final64|Win32
		{662F5879-D20E-D714-DB26-62EB47853D76}.Final64|x64.ActiveCfg = Final64|x64
		{662F5879-D20E-D714-DB26-62EB47853D76}.Final64|x64.Build.0 = Final64|x64
		{662F5879-D20E-D714-DB26-62EB47853D76}.Release32|Win32.ActiveCfg = Release32|Win32
		{662F5879-D20E-D714-DB26-62EB47853D76}.Release32|Win32.Build.0 = Release32|Win32
		{662F5879-D20E-D714-DB26-62EB47853D76}.Release32|x64.ActiveCfg = Release32|x64
		{662F5879-D20E-D714-DB26-62EB47853D76}.Release32|x64.Build.0 = Release32|x64
		{662F5879-D20E-D714-DB26-62EB47853D76}.Release64|Win32.ActiveCfg = Release64|Win32
		{662F5879-D20E-D714-DB26-62EB47853D76}.Release64|Win32.Build.0 = Release64|Win32
		{662F5879-D20E-D714-DB26-62EB47853D76}.Release64|x64.ActiveCfg = Release64|x64
		{662F5879-D20E-D714-DB26-62EB47853D76}.Release64|x64.Build.0 = Release64|x64
		{7785B130-E3EF-65A7-2C2E-174D98D743FC}.Debug32|Win32.ActiveCfg = Debug32|Win32
		{7785B130-E3EF-65A7-2C2E-174D98D743FC}.Debug32|Win32.Build.0 = Debug32|Win32
		{7785B130-E3EF-65A7-2C2E-174D98D743FC}.Debug32|x64.ActiveCfg = Debug32|x64
		{7785B130-E3EF-65A7-2C2E-174D98D743FC}.Debug32|x64.Build.0 = Debug32|x64
		{7785B130-E3EF-65A7-2C2E-174D98D743FC}.Debug64|Win32.ActiveCfg = Debug64|Win32
		{7785B130-E3EF-65A7-2C2E-174D98D743FC}.Debug64|Win32.Build.0 = Debug64|Win32
		{7785B130-E3EF-65A7-2C2E-174D98D743FC}.Debug64|x64.ActiveCfg = Debug64|x64
		{7785B130-E3EF-65A7-2C2E-174D98D743FC}.Debug64|x64.Build.0 = Debug64|x64
		{7785B130-E3EF-65A7-2C2E-174D98D743FC}.Final32|Win32.ActiveCfg = Final32|Win32
		{7785B130-E3EF-65A7-2C2E-174D98D743FC}.Final32|Win32.Build.0 = Final32|Win32
		{7785B130-E3EF-65A7-2C2E-174D98D743FC}.Final32|x64.ActiveCfg = Final32|x64
		{7785B130-E3EF-65A7-2C2E-174D98D743FC}.Final32|x64.Build.0 = Final32|x64
		{7785B130-E3EF-65A7-2C2E-174D98D743FC}.Final64|Win32.ActiveCfg = Final64|Win32
		{7785B130-E3EF-65A7-2C2E-174D98D743FC}.Final64|Win32.Build.0 = Final64|Win32
		{7785B130-E3EF-65A7-2C2E-174D98D743FC}.Final64|x64.ActiveCfg = Final64|x64
		{7785B130-E3EF-65A7-2C2E-174D98D743FC}.Final64|x64.Build.0 = Final64|x64
		{7785B130-E3EF-65A7-2C2E-174D98D743FC}.Release32|Win32.ActiveCfg = Release32|Win32
		{7785B130-E3EF-65A7-2C2E-174D98D743FC}.Release32|Win32.Build.0 = Release32|Win32
		{7785B130-E3EF-65A7-2C2E-174D98D743FC}.Release32|x64.ActiveCfg = Release32|x64
		{7785B130-E3EF-65A7-2C2E-174D98D743FC}.Release32|x64.Build.0 = Release32|x64
		{7785B130-E3EF-65A7-2C2E-174D98D743FC}.Release64|Win32.ActiveCfg = Release64|Win32
		{7785B130-E3EF-65A7-2C2E-174D98D743FC}.Release64|Win32.Build.0 = Release64|Win32
		{7785B130-E3EF-65A7-2C2E-174D98D743FC}.Release64|x64.ActiveCfg = Release64|x64
		{7785B130-E3EF-65A7-2C2E-174D98D743FC}.Release64|x64.Build.0 = Release64|x64
		{4A89CBA4-3656-26B0-5F6F-14584B9B5B3E}.Debug32|Win32.ActiveCfg = Debug32|Win32
		{4A89CBA4-3656-26B0-5F6F-14584B9B5B3E}.Debug32|Win32.Build.0 = Debug32|Win32
		{4A89CBA4-3656-26B0-5F6F-14584B9B5B3E}.Debug32|x64.ActiveCfg = Debug32|x64
		{4A89CBA4-3656-26B0-5F6F-14584B9B5B3E}.Debug32|x64.Build.0 = Debug32|x64
		{4A89CBA4-3656-26B0-5F6F-14584B9B5B3E}.Debug64|Win32.ActiveCfg = Debug64|Win32
		{4A89CBA4-3656-26B0-5F6F-14584B9B5B3E}.Debug64|Win32.Build.0 = Debug64|Win32
		{4A89CBA4-3656-26B0-5F6F-14584B9B5B3E}.Debug64|x64.ActiveCfg = Debug64|x64
		{4A89CBA4-3656-26B0-5F6F-14584B9B5B3E}.Debug64|x64.Build.0 = Debug64|x64
		{4A89CBA4-3656-26B0-5F6F-14584B9B5B3E}.Final32|Win32.ActiveCfg = Final32|Win32
		{4A89CBA4-3656-26B0-5F6F-14584B9B5B3E}.Final32|Win32.Build.0 = Final32|Win32
		{4A89CBA4-3656-26B0-5F6F-14584B9B5B3E}.Final32|x64.ActiveCfg = Final32|x64
		{4A89CBA4-3656-26B0-5F6F-14584B9B5B3E}.Final32|x64.Build.0 = Final32|x64
		{4A89CBA4-3656-26B0-5F6F-14584B9B5B3E}.Final64|Win32.ActiveCfg = Final64|Win32
		{4A89CBA4-3656-26B0-5F6F-14584B9B5B3E}.Final64|Win32.Build.0 = Final64|Win32
		{4A89CBA4-3656-26B0-5F6F-14584B9B5B3E}.Final64|x64.ActiveCfg = Final64|x64
		{4A89CBA4-3656-26B0-5F6F-14584B9B5B3E}.Final64|x64.Build.0 = Final64|x64
		{4A89CBA4-3656-26B0-5F6F-14584B9B5B3E}.Release32|Win32.ActiveCfg = Release32|Win32
		{4A89CBA4-3656-26B0-5F6F-14584B9B5B3E}.Release32|Win32.Build.0 = Release32|Win32
		{4A89CBA4-3656-26B0-5F6F-14584B9B5B3E}.Release32|x64.ActiveCfg = Release32|x64
		{4A89CBA4-3656-26B0-5F6F-14584B9B5B3E}.Release32|x64.Build.0 = Release32|x64
		{4A89CBA4-3656-26B0-5F6F-14584B9B5B3E}.Release64|Win32.ActiveCfg = Release64|Win32
		{4A89CBA4-3656-26B0-5F6F-14584B9B5B3E}.Release64|Win32.Build.0 = Release64|Win32
		{4A89CBA4-3656-26B0-5F6F-14584B9B5B3E}.Release64|x64.ActiveCfg = Release64|x64
		{4A89CBA4-3656-26B0-5F6F-14584B9B5B3E}.Release64|x64.Build.0 = Release64|x64
		{11C0433E-7D2A-F8B4-C668-A95A3212D609}.Debug32|Win32.ActiveCfg = Debug32|Win32
		{11C0433E-7D2A-F8B4-C668-A95A3212D609}.Debug32|Win32.Build.0 = Debug32|Win32
		{11C0433E-7D2A-F8B4-C668-A95A3212D609}.Debug32|x64.ActiveCfg = Debug32|x64
		{11C0433E-7D2A-F8B4-C668-A95A3212D609}.Debug32|x64.Build.0 = Debug32|x64
		{11C0433E-7D2A-F8B4-C668-A95A3212D609}.Debug64|Win32.ActiveCfg = Debug64|Win32
		{11C0433E-7D2A-F8B4-C668-A95A3212D609}.Debug64|Win32.Build.0 = Debug64|Win32
		{11C0433E-7D2A-F8B4-C668-A95A3212D609}.Debug64|x64.ActiveCfg = Debug64|x64
		{11C0433E-7D2A-F8B4-C668-A95A3212D609}.Debug64|x64.Build.0 = Debug64|x64
		{11C0433E-7D2A-F8B4-C668-A95A3212D609}.Final32|Win32.ActiveCfg = Final32|Win32
		{11C0433E-7D2A-F8B4-C668-A95A3212D609}.Final32|Win32.Build.0 = Final32|Win32
		{11C0433E-7D2A-F8B4-C668-A95A3212D609}.Final32|x64.ActiveCfg = Final32|x64
		{11C0433E-7D2A-F8B4-C668-A95A3212D609}.Final32|x64.Build.0 = Final32|x64
		{11C0433E-7D2A-F8B4-C668-A95A3212D609}.Final64|Win32.ActiveCfg = Final64|Win32
		{11C0433E-7D2A-F8B4-C668-A95A3212D609}.Final64|Win32.Build.0 = Final64|Win32
		{11C0433E-7D2A-F8B4-C668-A95A3212D609}.Final64|x64.ActiveCfg = Final64|x64
		{11C0433E-7D2A-F8B4-C668-A95A3212D609}.Final64|x64.Build.0 = Final64|x64
		{11C0433E-7D2A-F8B4-C668-A95A3212D609}.Release32|Win32.ActiveCfg = Release32|Win32
		{11C0433E-7D2A-F8B4-C668-A95A3212D609}.Release32|Win32.Build.0 = Release32|Win32
		{11C0433E-7D2A-F8B4-C668-A95A3212D609}.Release32|x64.ActiveCfg = Release32|x64
		{11C0433E-7D2A-F8B4-C668-A95A3212D609}.Release32|x64.Build.0 = Release32|x64
		{11C0433E-7D2A-F8B4-C668-A95A3212D609}.Release64|Win32.ActiveCfg = Release64|Win32
		{11C0433E-7D2A-F8B4-C668-A95A3212D609}.Release64|Win32.Build.0 = Release64|Win32
		{11C0433E-7D2A-F8B4-C668-A95A3212D609}.Release64|x64.ActiveCfg = Release64|x64
		{11C0433E-7D2A-F8B4-C668-A95A3212D609}.Release64|x64.Build.0 = Release64|x64
		{1CEF673E-8859-1CB5-D197-CD5A3D41FA09}.Debug32|Win32.ActiveCfg = Debug32|Win32
		{1CEF673E-8859-1CB5-D197-CD5A3D41FA09}.Debug32|Win32.Build.0 = Debug32|Win32
		{1CEF673E-8859-1CB5-D197-CD5A3D41FA09}.Debug32|x64.ActiveCfg = Debug32|x64
		{1CEF673E-8859-1CB5-D197-CD5A3D41FA09}.Debug32|x64.Build.0 = Debug32|x64
		{1CEF673E-8859-1CB5-D197-CD5A3D41FA09}.Debug64|Win32.ActiveCfg = Debug64|Win32
		{1CEF673E-8859-1CB5-D197-CD5A3D41FA09}.Debug64|Win32.Build.0 = Debug64|Win32
		{1CEF673E-8859-1CB5-D197-CD5A3D41FA09}.Debug64|x64.ActiveCfg = Debug64|x64
		{1CEF673E-8859-1CB5-D197-CD5A3D41FA09}.Debug64|x64.Build.0 = Debug64|x64
		{1CEF673E-8859-1CB5-D197-CD5A3D41FA09}.Final32|Win32.ActiveCfg = Final32|Win32
		{1CEF673E-8859-1CB5-D197-CD5A3D41FA09}.Final32|Win32.Build.0 = Final32|Win32
		{1CEF673E-8859-1CB5-D197-CD5A3D41FA09}.Final32|x64.ActiveCfg = Final32|x64
		{1CEF673E-8859-1CB5-D197-CD5A3D41FA09}.Final32|x64.Build.0 = Final32|x64
		{1CEF673E-8859-1CB5-D197-CD5A3D41FA09}.Final64|Win32.ActiveCfg = Final64|Win32
		{1CEF673E-8859-1CB5-D197-CD5A3D41FA09}.Final64|Win32.Build.0 = Final64|Win32
		{1CEF673E-8859-1CB5-D197-CD5A3D41FA09}.Final64|x64.ActiveCfg = Final64|x64
		{1CEF673E-8859-1CB5-D197-CD5A3D41FA09}.Final64|x64.Build.0 = Final64|x64
		{1CEF673E-8859-1CB5-D197-CD5A3D41FA09}.Release32|Win32.ActiveCfg = Release32|Win32
		{1CEF673E-8859-1CB5-D197-CD5A3D41FA09}.Release32|Win32.Build.0 = Release32|Win32
		{1CEF673E-8859-1CB5-D197-CD5A3D41FA09}.Release32|x64.ActiveCfg = Release32|x64
		{1CEF673E-8859-1CB5-D197-CD5A3D41FA09}.Release32|x64.Build.0 = Release32|x64
		{1CEF673E-8859-1CB5-D197-CD5A3D41FA09}.Release64|Win32.ActiveCfg = Release64|Win32
		{1CEF673E-8859-1CB5-D197-CD5A3D41FA09}.Release64|Win32.Build.0 = Release64|Win32
		{1CEF673E-8859-1CB5-D197-CD5A3D41FA09}.Release64|x64.ActiveCfg = Release64|x64
		{1CEF673E-8859-1CB5-D197-CD5A3D41FA09}.Release64|x64.Build.0 = Release64|x64
		{7A96DC0F-E6AA-04C1-AF2C-A8201B0001F2}.Debug32|Win32.ActiveCfg = Debug32|Win32
		{7A96DC0F-E6AA-04C1-AF2C-A8201B0001F2}.Debug32|Win32.Build.0 = Debug32|Win32
		{7A96DC0F-E6AA-04C1-AF2C-A8201B0001F2}.Debug32|x64.ActiveCfg = Debug32|x64
		{7A96DC0F-E6AA-04C1-AF2C-A8201B0001F2}.Debug32|x64.Build.0 = Debug32|x64
		{7A96DC0F-E6AA-04C1-AF2C-A8201B0001F2}.Debug64|Win32.ActiveCfg = Debug64|Win32
		{7A96DC0F-E6AA-04C1-AF2C-A8201B0001F2}.Debug64|Win32.Build.0 = Debug64|Win32
		{7A96DC0F-E6AA-04C1-AF2C-A8201B0001F2}.Debug64|x64.ActiveCfg = Debug64|x64
		{7A96DC0F-E6AA-04C1-AF2C-A8201B0001F2}.Debug64|x64.Build.0 = Debug64|x64
		{7A96DC0F-E6AA-04C1-AF2C-A8201B0001F2}.Final32|Win32.ActiveCfg = Final32|Win32
		{7A96DC0F-E6AA-04C1-AF2C-A8201B0001F2}.Final32|Win32.Build.0 = Final32|Win32
		{7A96DC0F-E6AA-04C1-AF2C-A8201B0001F2}.Final32|x64.ActiveCfg = Final32|x64
		{7A96DC0F-E6AA-04C1-AF2C-A8201B0001F2}.Final32|x64.Build.0 = Final32|x64
		{7A96DC0F-E6AA-04C1-AF2C-A8201B0001F2}.Final64|Win32.ActiveCfg = Final64|Win32
		{7A96DC0F-E6AA-04C1-AF2C-A8201B0001F2}.Final64|Win32.Build.0 = Final64|Win32
		{7A96DC0F-E6AA-04C1-AF2C-A8201B0001F2}.Final64|x64.ActiveCfg = Final64|x64
		{7A96DC0F-E6AA-04C1-AF2C-A8201B0001F2}.Final64|x64.Build.0 = Final64|x64
		{7A96DC0F-E6AA-04C1-AF2C-A8201B0001F2}.Release32|Win32.ActiveCfg = Release32|Win32
		{7A96DC0F-E6AA-04C1-AF2C-A8201B0001F2}.Release32|Win32.Build.0 = Release32|Win32
		{7A96DC0F-E6AA-04C1-AF2C-A8201B0001F2}.Release32|x64.ActiveCfg = Release32|x64
		{7A96DC0F-E6AA-04C1-AF2C-A8201B0001F2}.Release32|x64.Build.0 = Release32|x64
		{7A96DC0F-E6AA-04C1-AF2C-A8201B0001F2}.Release64|Win32.ActiveCfg = Release64|Win32
		{7A96DC0F-E6AA-04C1-AF2C-A8201B0001F2}.Release64|Win32.Build.0 = Release64|Win32
		{7A96DC0F-E6AA-04C1-AF2C-A8201B0001F2}.Release64|x64.ActiveCfg = Release64|x64
		{7A96DC0F-E6AA-04C1-AF2C-A8201B0001F2}.Release64|x64.Build.0 = Release64|x64
		{F7E0D13A-E343-61DF-8CC9-9995780B2D62}.Debug32|Win32.ActiveCfg = Debug32|Win32
		{F7E0D13A-E343-61DF-8CC9-9995780B2D62}.Debug32|Win32.Build.0 = Debug32|Win32
		{F7E0D13A-E343-61DF-8CC9-9995780B2D62}.Debug32|x64.ActiveCfg = Debug32|x64
		{F7E0D13A-E343-61DF-8CC9-9995780B2D62}.Debug32|x64.Build.0 = Debug32|x64
		{F7E0D13A-E343-61DF-8CC9-9995780B2D62}.Debug64|Win32.ActiveCfg = Debug64|Win32
		{F7E0D13A-E343-61DF-8CC9-9995780B2D62}.Debug64|Win32.Build.0 = Debug64|Win32
		{F7E0D13A-E343-61DF-8CC9-9995780B2D62}.Debug64|x64.ActiveCfg = Debug64|x64
		{F7E0D13A-E343-61DF-8CC9-9995780B2D62}.Debug64|x64.Build.0 = Debug64|x64
		{F7E0D13A-E343-61DF-8CC9-9995780B2D62}.Final32|Win32.ActiveCfg = Final32|Win32
		{F7E0D13A-E343-61DF-8CC9-9995780B2D62}.Final32|Win32.Build.0 = Final32|Win32
		{F7E0D13A-E343-61DF-8CC9-9995780B2D62}.Final32|x64.ActiveCfg = Final32|x64
		{F7E0D13A-E343-61DF-8CC9-9995780B2D62}.Final32|x64.Build.0 = Final32|x64
		{F7E0D13A-E343-61DF-8CC9-9995780B2D62}.Final64|Win32.ActiveCfg = Final64|Win32
		{F7E0D13A-E343-61DF-8CC9-9995780B2D62}.Final64|Win32.Build.0 = Final64|Win32
		{F7E0D13A-E343-61DF-8CC9-9995780B2D62}.Final64|x64.ActiveCfg = Final64|x64
		{F7E0D13A-E343-61DF-8CC9-9995780B2D62}.Final64|x64.Build.0 = Final64|x64
		{F7E0D13A-E343-61DF-8CC9-9995780B2D62}.Release32|Win32.ActiveCfg = Release32|Win32
		{F7E0D13A-E343-61DF-8CC9-9995780B2D62}.Release32|Win32.Build.0 = Release32|Win32
		{F7E0D13A-E343-61DF-8CC9-9995780B2D62}.Release32|x64.ActiveCfg = Release32|x64
		{F7E0D13A-E343-61DF-8CC9-9995780B2D62}.Release32|x64.Build.0 = Release32|x64
		{F7E0D13A-E343-61DF-8CC9-9995780B2D62}.Release64|Win32.ActiveCfg = Release64|Win32
		{F7E0D13A-E343-61DF-8CC9-9995780B2D62}.Release64|Win32.Build.0 = Release64|Win32
		{F7E0D13A-E343-61DF-8CC9-9995780B2D62}.Release64|x64.ActiveCfg = Release64|x64
		{F7E0D13A-E343-61DF-8CC9-9995780B2D62}.Release64|x64.Build.0 = Release64|x64
		{E05B8EEE-4CC6-4265-9504-F40A01AE20BA}.Debug32|Win32.ActiveCfg = Debug32|Win32
		{E05B8EEE-4CC6-4265-9504-F40A01AE20BA}.Debug32|Win32.Build.0 = Debug32|Win32
		{E05B8EEE-4CC6-4265-9504-F40A01AE20BA}.Debug32|x64.ActiveCfg = Debug32|x64
		{E05B8EEE-4CC6-4265-9504-F40A01AE20BA}.Debug32|x64.Build.0 = Debug32|x64
		{E05B8EEE-4CC6-4265-9504-F40A01AE20BA}.Debug64|Win32.ActiveCfg = Debug64|Win32
		{E05B8EEE-4CC6-4265-9504-F40A01AE20BA}.Debug64|Win32.Build.0 = Debug64|Win32
		{E05B8EEE-4CC6-4265-9504-F40A01AE20BA}.Debug64|x64.ActiveCfg = Debug64|x64
		{E05B8EEE-4CC6-4265-9504-F40A01AE20BA}.Debug64|x64.Build.0 = Debug64|x64
		{E05B8EEE-4CC6-4265-9504-F40A01AE20BA}.Final32|Win32.ActiveCfg = Final32|Win32
		{E05B8EEE-4CC6-4265-9504-F40A01AE20BA}.Final32|Win32.Build.0 = Final32|Win32
		{E05B8EEE-4CC6-4265-9504-F40A01AE20BA}.Final32|x64.ActiveCfg = Final32|x64
		{E05B8EEE-4CC6-4265-9504-F40A01AE20BA}.Final32|x64.Build.0 = Final32|x64
		{E05B8EEE-4CC6-4265-9504-F40A01AE20BA}.Final64|Win32.ActiveCfg = Final64|Win32
		{E05B8EEE-4CC6-4265-9504-F40A01AE20BA}.Final64|Win32.Build.0 = Final64|Win32
		{E05B8EEE-4CC6-4265-9504-F40A01AE20BA}.Final64|x64.ActiveCfg = Final64|x64
		{E05B8EEE-4CC6-4265-9504-F40A01AE20BA}.Final64|x64.Build.0 = Final64|x64
		{E05B8EEE-4CC6-4265-9504-F40A01AE20BA}.Release32|Win32.ActiveCfg = Release32|Win32
		{E05B8EEE-4CC6-4265-9504-F40A01AE20BA}.Release32|Win32.Build.0 = Release32|Win32
		{E05B8EEE-4CC6-4265-9504-F40A01AE20BA}.Release32|x64.ActiveCfg = Release32|x64
		{E05B8EEE-4CC6-4265-9504-F40A01AE20BA}.Release32|x64.Build.0 = Release32|x64
		{E05B8EEE-4CC6-4265-9504-F40A01AE20BA}.Release64|Win32.ActiveCfg = Release64|Win32
		{E05B8EEE-4CC6-4265-9504-F40A01AE20BA}.Release64|Win32.Build.0 = Release64|Win32
		{E05B8EEE-4CC6-4265-9504-F40A01AE20BA}.Release64|x64.ActiveCfg = Release64|x64
		{E05B8EEE-4CC6-4265-9504-F40A01AE20BA}.Release64|x64.Build.0 = Release64|x64
		{E5A465FE-D171-C009-FA8A-AEB1E6B6F597}.Debug32|Win32.ActiveCfg = Debug32|Win32
		{E5A465FE-D171-C009-FA8A-AEB1E6B6F597}.Debug32|Win32.Build.0 = Debug32|Win32
		{E5A465FE-D171-C009-FA8A-AEB1E6B6F597}.Debug32|x64.ActiveCfg = Debug32|x64
		{E5A465FE-D171-C009-FA8A-AEB1E6B6F597}.Debug32|x64.Build.0 = Debug32|x64
		{E5A465FE-D171-C009-FA8A-AEB1E6B6F597}.Debug64|Win32.ActiveCfg = Debug64|Win32
		{E5A465FE-D171-C009-FA8A-AEB1E6B6F597}.Debug64|Win32.Build.0 = Debug64|Win32
		{E5A465FE-D171-C009-FA8A-AEB1E6B6F597}.Debug64|x64.ActiveCfg = Debug64|x64
		{E5A465FE-D171-C009-FA8A-AEB1E6B6F597}.Debug64|x64.Build.0 = Debug64|x64
		{E5A465FE-D171-C009-FA8A-AEB1E6B6F597}.Final32|Win32.ActiveCfg = Final32|Win32
		{E5A465FE-D171-C009-FA8A-AEB1E6B6F597}.Final32|Win32.Build.0 = Final32|Win32
		{E5A465FE-D171-C009-FA8A-AEB1E6B6F597}.Final32|x64.ActiveCfg = Final32|x64
		{E5A465FE-D171-C009-FA8A-AEB1E6B6F597}.Final32|x64.Build.0 = Final32|x64
		{E5A465FE-D171-C009-FA8A-AEB1E6B6F597}.Final64|Win32.ActiveCfg = Final64|Win32
		{E5A465FE-D171-C009-FA8A-AEB1E6B6F597}.Final64|Win32.Build.0 = Final64|Win32
		{E5A465FE-D171-C009-FA8A-AEB1E6B6F597}.Final64|x64.ActiveCfg = Final64|x64
		{E5A465FE-D171-C009-FA8A-AEB1E6B6F597}.Final64|x64.Build.0 = Final64|x64
		{E5A465FE-D171-C009-FA8A-AEB1E6B6F597}.Release32|Win32.ActiveCfg = Release32|Win32
		{E5A465FE-D171-C009-FA8A-AEB1E6B6F597}.Release32|Win32.Build.0 = Release32|Win32
		{E5A465FE-D171-C009-FA8A-AEB1E6B6F597}.Release32|x64.ActiveCfg = Release32|x64
		{E5A465FE-D171-C009-FA8A-AEB1E6B6F597}.Release32|x64.Build.0 = Release32|x64
		{E5A465FE-D171-C009-FA8A-AEB1E6B6F597}.Release64|Win32.ActiveCfg = Release64|Win32
		{E5A465FE-D171-C009-FA8A-AEB1E6B6F597}.Release64|Win32.Build.0 = Release64|Win32
		{E5A465FE-D171-C009-FA8A-AEB1E6B6F597}.Release64|x64.ActiveCfg = Release64|x64
		{E5A465FE-D171-C009-FA8A-AEB1E6B6F597}.Release64|x64.Build.0 = Release64|x64
	EndGlobalSection
	GlobalSection(SolutionProperties) = preSolution
		HideSolutionNode = FALSE
	EndGlobalSection
	GlobalSection(NestedProjects) = preSolution
		{42ABB4F7-AE8A-3393-B7A2-BE6923019AF4} = {376E56B9-2367-750B-4C99-5A9038F15417}
		{918F9D7C-7DC6-9E0D-26B3-841012C91A0F} = {376E56B9-2367-750B-4C99-5A9038F15417}
		{41F231D1-ADA7-AAC6-369C-A49DA250A1CA} = {376E56B9-2367-750B-4C99-5A9038F15417}
		{154B857C-0182-860D-AA6E-6C109684020F} = {376E56B9-2367-750B-4C99-5A9038F15417}
		{4210BF14-2EB2-E9EA-176D-FD3E03AE703B} = {376E56B9-2367-750B-4C99-5A9038F15417}
		{1009887C-FC3F-890D-A52C-6F109142050F} = {376E56B9-2367-750B-4C99-5A9038F15417}
		{74446979-E0F9-E16E-69EE-DB45D5A2D872} = {376E56B9-2367-750B-4C99-5A9038F15417}
		{0098A80F-6CAC-D0C0-352E-7420A101CDF1} = {376E56B9-2367-750B-4C99-5A9038F15417}
		{1D166F0B-09B8-99E1-F272-AD35DEB32032} = {0CB316C3-F8AB-3515-21DE-1A9A0D361521}
		{E5EE5279-51CE-D114-5AE6-5CEBC6443876} = {0CB316C3-F8AB-3515-21DE-1A9A0D361521}
		{C4D7160A-B03A-A6AE-59C0-DE6445027231} = {0CB316C3-F8AB-3515-21DE-1A9A0D361521}
		{79B5BCD5-6518-4C7A-0E9E-8430FADF17FD} = {0CB316C3-F8AB-3515-21DE-1A9A0D361521}
		{F494DC0F-60A9-04C1-292B-A82095FE00F2} = {0CB316C3-F8AB-3515-21DE-1A9A0D361521}
		{36D65679-A2B5-D514-ABCD-60EB172C3C76} = {0CB316C3-F8AB-3515-21DE-1A9A0D361521}
		{662F5879-D20E-D714-DB26-62EB47853D76} = {0CB316C3-F8AB-3515-21DE-1A9A0D361521}
		{7785B130-E3EF-65A7-2C2E-174D98D743FC} = {0CB316C3-F8AB-3515-21DE-1A9A0D361521}
		{4A89CBA4-3656-26B0-5F6F-14584B9B5B3E} = {0CB316C3-F8AB-3515-21DE-1A9A0D361521}
		{11C0433E-7D2A-F8B4-C668-A95A3212D609} = {0CB316C3-F8AB-3515-21DE-1A9A0D361521}
		{1CEF673E-8859-1CB5-D197-CD5A3D41FA09} = {0CB316C3-F8AB-3515-21DE-1A9A0D361521}
		{7A96DC0F-E6AA-04C1-AF2C-A8201B0001F2} = {0CB316C3-F8AB-3515-21DE-1A9A0D361521}
		{F7E0D13A-E343-61DF-8CC9-9995780B2D62} = {99427816-05F8-F00B-8EEC-EAE2FAA0E70F}
		{E05B8EEE-4CC6-4265-9504-F40A01AE20BA} = {99427816-05F8-F00B-8EEC-EAE2FAA0E70F}
		{E5A465FE-D171-C009-FA8A-AEB1E6B6F597} = {3FB6DC92-AB41-4A57-B452-CD4B205DA657}
	EndGlobalSection
	GlobalSection(ExtensibilityGlobals) = postSolution
		SolutionGuid = {C34B1AF5-61C4-407A-B126-67EFA4029E11}
	EndGlobalSection
EndGlobal
