<?xml version="1.0" encoding="utf-8"?>
<Project ToolsVersion="4.0" xmlns="http://schemas.microsoft.com/developer/msbuild/2003">
  <ItemGroup>
    <Filter Include="GLFW">
      <UniqueIdentifier>{154B857C-0182-860D-AA6E-6C109684020F}</UniqueIdentifier>
    </Filter>
  </ItemGroup>
  <ItemGroup>
    <ClInclude Include="..\..\Source\Libraries\libApp\Application.h" />
    <ClInclude Include="..\..\Source\Libraries\libApp\GLFW\Surface.h">
      <Filter>GLFW</Filter>
    </ClInclude>
    <ClInclude Include="..\..\Source\Libraries\libApp\GLFW\Window.h">
      <Filter>GLFW</Filter>
    </ClInclude>
    <ClInclude Include="..\..\Source\Libraries\libApp\InputEvents.h" />
    <ClInclude Include="..\..\Source\Libraries\libApp\Surface.h" />
    <ClInclude Include="..\..\Source\Libraries\libApp\Window.h" />
    <ClInclude Include="..\..\Source\Libraries\libApp\libApp.h" />
    <ClInclude Include="..\..\Source\Libraries\libApp\stdafx.h" />
  </ItemGroup>
  <ItemGroup>
    <ClCompile Include="..\..\Source\Libraries\libApp\Application.cpp" />
    <ClCompile Include="..\..\Source\Libraries\libApp\GLFW\Surface.cpp">
      <Filter>GLFW</Filter>
    </ClCompile>
    <ClCompile Include="..\..\Source\Libraries\libApp\GLFW\Window.cpp">
      <Filter>GLFW</Filter>
    </ClCompile>
    <ClCompile Include="..\..\Source\Libraries\libApp\InputEvents.cpp" />
    <ClCompile Include="..\..\Source\Libraries\libApp\libApp.cpp" />
    <ClCompile Include="..\..\Source\Libraries\libApp\stdafx.cpp" />
  </ItemGroup>
</Project>