<?xml version="1.0" encoding="utf-8"?>
<Project ToolsVersion="4.0" xmlns="http://schemas.microsoft.com/developer/msbuild/2003">
  <ItemGroup>
    <Filter Include="GLCommon">
      <UniqueIdentifier>{81439F80-6D10-FA8B-9629-E83382552F1A}</UniqueIdentifier>
    </Filter>
    <Filter Include="GLCommon\Texture">
      <UniqueIdentifier>{E1596F8A-CD52-8EDC-F684-7361E2DC6DE8}</UniqueIdentifier>
    </Filter>
    <Filter Include="OpenGL">
      <UniqueIdentifier>{8A864AC8-7628-759E-5FE3-88F24B24FCEE}</UniqueIdentifier>
    </Filter>
    <Filter Include="OpenGL\Buffer">
      <UniqueIdentifier>{330959E6-9FC9-D41C-6804-1E9AD48319F9}</UniqueIdentifier>
    </Filter>
    <Filter Include="OpenGL\Ext">
      <UniqueIdentifier>{CAB6F95F-B66E-3BAD-1F76-14090B4DD69D}</UniqueIdentifier>
    </Filter>
    <Filter Include="OpenGL\Platform">
      <UniqueIdentifier>{1EBEE10C-8A49-4FD1-935A-D2C5FF64ABD1}</UniqueIdentifier>
    </Filter>
    <Filter Include="OpenGL\Platform\Win32">
      <UniqueIdentifier>{80940FA4-EC00-CB9E-B5F4-62FC2120ED06}</UniqueIdentifier>
    </Filter>
    <Filter Include="OpenGL\RenderState">
      <UniqueIdentifier>{1A1BFF21-06FF-BF77-6F5F-BACA5B62AAF9}</UniqueIdentifier>
    </Filter>
    <Filter Include="OpenGL\Shader">
      <UniqueIdentifier>{F0B6120D-5C77-8E43-25B2-D7C09131D31F}</UniqueIdentifier>
    </Filter>
    <Filter Include="OpenGL\Texture">
      <UniqueIdentifier>{EA950DF7-D663-01FD-BFF7-7123AB64DD61}</UniqueIdentifier>
    </Filter>
  </ItemGroup>
  <ItemGroup>
    <ClInclude Include="..\..\ThirdParty\LLGL\sources\Renderer\GLCommon\GLCore.h">
      <Filter>GLCommon</Filter>
    </ClInclude>
    <ClInclude Include="..\..\ThirdParty\LLGL\sources\Renderer\GLCommon\GLExtensionRegistry.h">
      <Filter>GLCommon</Filter>
    </ClInclude>
    <ClInclude Include="..\..\ThirdParty\LLGL\sources\Renderer\GLCommon\GLImport.h">
      <Filter>GLCommon</Filter>
    </ClInclude>
    <ClInclude Include="..\..\ThirdParty\LLGL\sources\Renderer\GLCommon\GLImportExt.h">
      <Filter>GLCommon</Filter>
    </ClInclude>
    <ClInclude Include="..\..\ThirdParty\LLGL\sources\Renderer\GLCommon\GLTypes.h">
      <Filter>GLCommon</Filter>
    </ClInclude>
    <ClInclude Include="..\..\ThirdParty\LLGL\sources\Renderer\GLCommon\Texture\GLTexImage.h">
      <Filter>GLCommon\Texture</Filter>
    </ClInclude>
    <ClInclude Include="..\..\ThirdParty\LLGL\sources\Renderer\GLCommon\Texture\GLTexSubImage.h">
      <Filter>GLCommon\Texture</Filter>
    </ClInclude>
    <ClInclude Include="..\..\ThirdParty\LLGL\sources\Renderer\OpenGL\Buffer\GLBuffer.h">
      <Filter>OpenGL\Buffer</Filter>
    </ClInclude>
    <ClInclude Include="..\..\ThirdParty\LLGL\sources\Renderer\OpenGL\Buffer\GLBufferArray.h">
      <Filter>OpenGL\Buffer</Filter>
    </ClInclude>
    <ClInclude Include="..\..\ThirdParty\LLGL\sources\Renderer\OpenGL\Buffer\GLIndexBuffer.h">
      <Filter>OpenGL\Buffer</Filter>
    </ClInclude>
    <ClInclude Include="..\..\ThirdParty\LLGL\sources\Renderer\OpenGL\Buffer\GLVertexArrayObject.h">
      <Filter>OpenGL\Buffer</Filter>
    </ClInclude>
    <ClInclude Include="..\..\ThirdParty\LLGL\sources\Renderer\OpenGL\Buffer\GLVertexBuffer.h">
      <Filter>OpenGL\Buffer</Filter>
    </ClInclude>
    <ClInclude Include="..\..\ThirdParty\LLGL\sources\Renderer\OpenGL\Buffer\GLVertexBufferArray.h">
      <Filter>OpenGL\Buffer</Filter>
    </ClInclude>
    <ClInclude Include="..\..\ThirdParty\LLGL\sources\Renderer\OpenGL\Ext\GLExtensionLoader.h">
      <Filter>OpenGL\Ext</Filter>
    </ClInclude>
    <ClInclude Include="..\..\ThirdParty\LLGL\sources\Renderer\OpenGL\Ext\GLExtensions.h">
      <Filter>OpenGL\Ext</Filter>
    </ClInclude>
    <ClInclude Include="..\..\ThirdParty\LLGL\sources\Renderer\OpenGL\Ext\GLExtensionsNull.h">
      <Filter>OpenGL\Ext</Filter>
    </ClInclude>
    <ClInclude Include="..\..\ThirdParty\LLGL\sources\Renderer\OpenGL\GLCommandBuffer.h">
      <Filter>OpenGL</Filter>
    </ClInclude>
    <ClInclude Include="..\..\ThirdParty\LLGL\sources\Renderer\OpenGL\GLCommandQueue.h">
      <Filter>OpenGL</Filter>
    </ClInclude>
    <ClInclude Include="..\..\ThirdParty\LLGL\sources\Renderer\OpenGL\GLRenderContext.h">
      <Filter>OpenGL</Filter>
    </ClInclude>
    <ClInclude Include="..\..\ThirdParty\LLGL\sources\Renderer\OpenGL\GLRenderSystem.h">
      <Filter>OpenGL</Filter>
    </ClInclude>
    <ClInclude Include="..\..\ThirdParty\LLGL\sources\Renderer\OpenGL\GLRenderingCaps.h">
      <Filter>OpenGL</Filter>
    </ClInclude>
    <ClInclude Include="..\..\ThirdParty\LLGL\sources\Renderer\OpenGL\OpenGL.h">
      <Filter>OpenGL</Filter>
    </ClInclude>
    <ClInclude Include="..\..\ThirdParty\LLGL\sources\Renderer\OpenGL\Platform\GLContext.h">
      <Filter>OpenGL\Platform</Filter>
    </ClInclude>
    <ClInclude Include="..\..\ThirdParty\LLGL\sources\Renderer\OpenGL\Platform\Win32\Win32GLContext.h">
      <Filter>OpenGL\Platform\Win32</Filter>
    </ClInclude>
    <ClInclude Include="..\..\ThirdParty\LLGL\sources\Renderer\OpenGL\RenderState\GLBlendState.h">
      <Filter>OpenGL\RenderState</Filter>
    </ClInclude>
    <ClInclude Include="..\..\ThirdParty\LLGL\sources\Renderer\OpenGL\RenderState\GLComputePipeline.h">
      <Filter>OpenGL\RenderState</Filter>
    </ClInclude>
    <ClInclude Include="..\..\ThirdParty\LLGL\sources\Renderer\OpenGL\RenderState\GLDepthStencilState.h">
      <Filter>OpenGL\RenderState</Filter>
    </ClInclude>
    <ClInclude Include="..\..\ThirdParty\LLGL\sources\Renderer\OpenGL\RenderState\GLFence.h">
      <Filter>OpenGL\RenderState</Filter>
    </ClInclude>
    <ClInclude Include="..\..\ThirdParty\LLGL\sources\Renderer\OpenGL\RenderState\GLGraphicsPipeline.h">
      <Filter>OpenGL\RenderState</Filter>
    </ClInclude>
    <ClInclude Include="..\..\ThirdParty\LLGL\sources\Renderer\OpenGL\RenderState\GLPipelineLayout.h">
      <Filter>OpenGL\RenderState</Filter>
    </ClInclude>
    <ClInclude Include="..\..\ThirdParty\LLGL\sources\Renderer\OpenGL\RenderState\GLQueryHeap.h">
      <Filter>OpenGL\RenderState</Filter>
    </ClInclude>
    <ClInclude Include="..\..\ThirdParty\LLGL\sources\Renderer\OpenGL\RenderState\GLRasterizerState.h">
      <Filter>OpenGL\RenderState</Filter>
    </ClInclude>
    <ClInclude Include="..\..\ThirdParty\LLGL\sources\Renderer\OpenGL\RenderState\GLRenderPass.h">
      <Filter>OpenGL\RenderState</Filter>
    </ClInclude>
    <ClInclude Include="..\..\ThirdParty\LLGL\sources\Renderer\OpenGL\RenderState\GLResourceHeap.h">
      <Filter>OpenGL\RenderState</Filter>
    </ClInclude>
    <ClInclude Include="..\..\ThirdParty\LLGL\sources\Renderer\OpenGL\RenderState\GLState.h">
      <Filter>OpenGL\RenderState</Filter>
    </ClInclude>
    <ClInclude Include="..\..\ThirdParty\LLGL\sources\Renderer\OpenGL\RenderState\GLStateManager.h">
      <Filter>OpenGL\RenderState</Filter>
    </ClInclude>
    <ClInclude Include="..\..\ThirdParty\LLGL\sources\Renderer\OpenGL\Shader\GLShader.h">
      <Filter>OpenGL\Shader</Filter>
    </ClInclude>
    <ClInclude Include="..\..\ThirdParty\LLGL\sources\Renderer\OpenGL\Shader\GLShaderProgram.h">
      <Filter>OpenGL\Shader</Filter>
    </ClInclude>
    <ClInclude Include="..\..\ThirdParty\LLGL\sources\Renderer\OpenGL\Shader\GLShaderUniform.h">
      <Filter>OpenGL\Shader</Filter>
    </ClInclude>
    <ClInclude Include="..\..\ThirdParty\LLGL\sources\Renderer\OpenGL\Texture\GLFramebuffer.h">
      <Filter>OpenGL\Texture</Filter>
    </ClInclude>
    <ClInclude Include="..\..\ThirdParty\LLGL\sources\Renderer\OpenGL\Texture\GLRenderTarget.h">
      <Filter>OpenGL\Texture</Filter>
    </ClInclude>
    <ClInclude Include="..\..\ThirdParty\LLGL\sources\Renderer\OpenGL\Texture\GLRenderbuffer.h">
      <Filter>OpenGL\Texture</Filter>
    </ClInclude>
    <ClInclude Include="..\..\ThirdParty\LLGL\sources\Renderer\OpenGL\Texture\GLSampler.h">
      <Filter>OpenGL\Texture</Filter>
    </ClInclude>
    <ClInclude Include="..\..\ThirdParty\LLGL\sources\Renderer\OpenGL\Texture\GLTexture.h">
      <Filter>OpenGL\Texture</Filter>
    </ClInclude>
  </ItemGroup>
  <ItemGroup>
    <ClCompile Include="..\..\ThirdParty\LLGL\sources\Renderer\GLCommon\GLCore.cpp">
      <Filter>GLCommon</Filter>
    </ClCompile>
    <ClCompile Include="..\..\ThirdParty\LLGL\sources\Renderer\GLCommon\GLExtensionRegistry.cpp">
      <Filter>GLCommon</Filter>
    </ClCompile>
    <ClCompile Include="..\..\ThirdParty\LLGL\sources\Renderer\GLCommon\GLTypes.cpp">
      <Filter>GLCommon</Filter>
    </ClCompile>
    <ClCompile Include="..\..\ThirdParty\LLGL\sources\Renderer\GLCommon\Texture\GLTexImage.cpp">
      <Filter>GLCommon\Texture</Filter>
    </ClCompile>
    <ClCompile Include="..\..\ThirdParty\LLGL\sources\Renderer\GLCommon\Texture\GLTexSubImage.cpp">
      <Filter>GLCommon\Texture</Filter>
    </ClCompile>
    <ClCompile Include="..\..\ThirdParty\LLGL\sources\Renderer\OpenGL\Buffer\GLBuffer.cpp">
      <Filter>OpenGL\Buffer</Filter>
    </ClCompile>
    <ClCompile Include="..\..\ThirdParty\LLGL\sources\Renderer\OpenGL\Buffer\GLBufferArray.cpp">
      <Filter>OpenGL\Buffer</Filter>
    </ClCompile>
    <ClCompile Include="..\..\ThirdParty\LLGL\sources\Renderer\OpenGL\Buffer\GLIndexBuffer.cpp">
      <Filter>OpenGL\Buffer</Filter>
    </ClCompile>
    <ClCompile Include="..\..\ThirdParty\LLGL\sources\Renderer\OpenGL\Buffer\GLVertexArrayObject.cpp">
      <Filter>OpenGL\Buffer</Filter>
    </ClCompile>
    <ClCompile Include="..\..\ThirdParty\LLGL\sources\Renderer\OpenGL\Buffer\GLVertexBuffer.cpp">
      <Filter>OpenGL\Buffer</Filter>
    </ClCompile>
    <ClCompile Include="..\..\ThirdParty\LLGL\sources\Renderer\OpenGL\Buffer\GLVertexBufferArray.cpp">
      <Filter>OpenGL\Buffer</Filter>
    </ClCompile>
    <ClCompile Include="..\..\ThirdParty\LLGL\sources\Renderer\OpenGL\Ext\GLExtensionLoader.cpp">
      <Filter>OpenGL\Ext</Filter>
    </ClCompile>
    <ClCompile Include="..\..\ThirdParty\LLGL\sources\Renderer\OpenGL\Ext\GLExtensions.cpp">
      <Filter>OpenGL\Ext</Filter>
    </ClCompile>
    <ClCompile Include="..\..\ThirdParty\LLGL\sources\Renderer\OpenGL\Ext\GLExtensionsNull.cpp">
      <Filter>OpenGL\Ext</Filter>
    </ClCompile>
    <ClCompile Include="..\..\ThirdParty\LLGL\sources\Renderer\OpenGL\GLCommandBuffer.cpp">
      <Filter>OpenGL</Filter>
    </ClCompile>
    <ClCompile Include="..\..\ThirdParty\LLGL\sources\Renderer\OpenGL\GLCommandQueue.cpp">
      <Filter>OpenGL</Filter>
    </ClCompile>
    <ClCompile Include="..\..\ThirdParty\LLGL\sources\Renderer\OpenGL\GLModuleInterface.cpp">
      <Filter>OpenGL</Filter>
    </ClCompile>
    <ClCompile Include="..\..\ThirdParty\LLGL\sources\Renderer\OpenGL\GLRenderContext.cpp">
      <Filter>OpenGL</Filter>
    </ClCompile>
    <ClCompile Include="..\..\ThirdParty\LLGL\sources\Renderer\OpenGL\GLRenderSystem_Buffers.cpp">
      <Filter>OpenGL</Filter>
    </ClCompile>
    <ClCompile Include="..\..\ThirdParty\LLGL\sources\Renderer\OpenGL\GLRenderSystem_Common.cpp">
      <Filter>OpenGL</Filter>
    </ClCompile>
    <ClCompile Include="..\..\ThirdParty\LLGL\sources\Renderer\OpenGL\GLRenderSystem_Textures.cpp">
      <Filter>OpenGL</Filter>
    </ClCompile>
    <ClCompile Include="..\..\ThirdParty\LLGL\sources\Renderer\OpenGL\GLRenderingCaps.cpp">
      <Filter>OpenGL</Filter>
    </ClCompile>
    <ClCompile Include="..\..\ThirdParty\LLGL\sources\Renderer\OpenGL\Platform\GLContext.cpp">
      <Filter>OpenGL\Platform</Filter>
    </ClCompile>
    <ClCompile Include="..\..\ThirdParty\LLGL\sources\Renderer\OpenGL\Platform\Win32\Win32GLContext.cpp">
      <Filter>OpenGL\Platform\Win32</Filter>
    </ClCompile>
    <ClCompile Include="..\..\ThirdParty\LLGL\sources\Renderer\OpenGL\RenderState\GLBlendState.cpp">
      <Filter>OpenGL\RenderState</Filter>
    </ClCompile>
    <ClCompile Include="..\..\ThirdParty\LLGL\sources\Renderer\OpenGL\RenderState\GLComputePipeline.cpp">
      <Filter>OpenGL\RenderState</Filter>
    </ClCompile>
    <ClCompile Include="..\..\ThirdParty\LLGL\sources\Renderer\OpenGL\RenderState\GLDepthStencilState.cpp">
      <Filter>OpenGL\RenderState</Filter>
    </ClCompile>
    <ClCompile Include="..\..\ThirdParty\LLGL\sources\Renderer\OpenGL\RenderState\GLFence.cpp">
      <Filter>OpenGL\RenderState</Filter>
    </ClCompile>
    <ClCompile Include="..\..\ThirdParty\LLGL\sources\Renderer\OpenGL\RenderState\GLGraphicsPipeline.cpp">
      <Filter>OpenGL\RenderState</Filter>
    </ClCompile>
    <ClCompile Include="..\..\ThirdParty\LLGL\sources\Renderer\OpenGL\RenderState\GLQueryHeap.cpp">
      <Filter>OpenGL\RenderState</Filter>
    </ClCompile>
    <ClCompile Include="..\..\ThirdParty\LLGL\sources\Renderer\OpenGL\RenderState\GLRasterizerState.cpp">
      <Filter>OpenGL\RenderState</Filter>
    </ClCompile>
    <ClCompile Include="..\..\ThirdParty\LLGL\sources\Renderer\OpenGL\RenderState\GLRenderPass.cpp">
      <Filter>OpenGL\RenderState</Filter>
    </ClCompile>
    <ClCompile Include="..\..\ThirdParty\LLGL\sources\Renderer\OpenGL\RenderState\GLResourceHeap.cpp">
      <Filter>OpenGL\RenderState</Filter>
    </ClCompile>
    <ClCompile Include="..\..\ThirdParty\LLGL\sources\Renderer\OpenGL\RenderState\GLStateManager.cpp">
      <Filter>OpenGL\RenderState</Filter>
    </ClCompile>
    <ClCompile Include="..\..\ThirdParty\LLGL\sources\Renderer\OpenGL\Shader\GLShader.cpp">
      <Filter>OpenGL\Shader</Filter>
    </ClCompile>
    <ClCompile Include="..\..\ThirdParty\LLGL\sources\Renderer\OpenGL\Shader\GLShaderProgram.cpp">
      <Filter>OpenGL\Shader</Filter>
    </ClCompile>
    <ClCompile Include="..\..\ThirdParty\LLGL\sources\Renderer\OpenGL\Shader\GLShaderUniform.cpp">
      <Filter>OpenGL\Shader</Filter>
    </ClCompile>
    <ClCompile Include="..\..\ThirdParty\LLGL\sources\Renderer\OpenGL\Texture\GLFramebuffer.cpp">
      <Filter>OpenGL\Texture</Filter>
    </ClCompile>
    <ClCompile Include="..\..\ThirdParty\LLGL\sources\Renderer\OpenGL\Texture\GLRenderTarget.cpp">
      <Filter>OpenGL\Texture</Filter>
    </ClCompile>
    <ClCompile Include="..\..\ThirdParty\LLGL\sources\Renderer\OpenGL\Texture\GLRenderbuffer.cpp">
      <Filter>OpenGL\Texture</Filter>
    </ClCompile>
    <ClCompile Include="..\..\ThirdParty\LLGL\sources\Renderer\OpenGL\Texture\GLSampler.cpp">
      <Filter>OpenGL\Texture</Filter>
    </ClCompile>
    <ClCompile Include="..\..\ThirdParty\LLGL\sources\Renderer\OpenGL\Texture\GLTexture.cpp">
      <Filter>OpenGL\Texture</Filter>
    </ClCompile>
  </ItemGroup>
</Project>